// !$*UTF8*$!
{
	archiveVersion = 1;
	classes = {
	};
	objectVersion = 46;
	objects = {

/* Begin PBXBuildFile section */
		723FA12C175DEDFD00DEF5E0 /* BTConstants.m in Sources */ = {isa = PBXBuildFile; fileRef = 723FA12B175DEDFD00DEF5E0 /* BTConstants.m */; };
		723FA12F175DF4C500DEF5E0 /* BTRootViewController.m in Sources */ = {isa = PBXBuildFile; fileRef = 723FA12E175DF4C500DEF5E0 /* BTRootViewController.m */; };
		723FA138175E37A500DEF5E0 /* BTNoBandViewController.m in Sources */ = {isa = PBXBuildFile; fileRef = 723FA137175E37A500DEF5E0 /* BTNoBandViewController.m */; };
		725CB58C1760A4780020FC78 /* Model.xcdatamodeld in Sources */ = {isa = PBXBuildFile; fileRef = 725CB58A1760A4780020FC78 /* Model.xcdatamodeld */; };
		725CB5931760A4D70020FC78 /* band-button.png in Resources */ = {isa = PBXBuildFile; fileRef = 725CB5901760A4D70020FC78 /* band-button.png */; };
		725CB5941760A4D70020FC78 /* beat-note-plus-button.png in Resources */ = {isa = PBXBuildFile; fileRef = 725CB5911760A4D70020FC78 /* beat-note-plus-button.png */; };
		725CB5951760A4D70020FC78 /* common-button.png in Resources */ = {isa = PBXBuildFile; fileRef = 725CB5921760A4D70020FC78 /* common-button.png */; };
		725CB5A11760A4F60020FC78 /* main-bg.png in Resources */ = {isa = PBXBuildFile; fileRef = 725CB5961760A4F60020FC78 /* main-bg.png */; };
		725CB5A21760A4F60020FC78 /* minus-button.png in Resources */ = {isa = PBXBuildFile; fileRef = 725CB5971760A4F60020FC78 /* minus-button.png */; };
		725CB5A31760A4F60020FC78 /* pause-button.png in Resources */ = {isa = PBXBuildFile; fileRef = 725CB5981760A4F60020FC78 /* pause-button.png */; };
		725CB5A41760A4F60020FC78 /* play-bg.png in Resources */ = {isa = PBXBuildFile; fileRef = 725CB5991760A4F60020FC78 /* play-bg.png */; };
		725CB5A51760A4F60020FC78 /* play-button.png in Resources */ = {isa = PBXBuildFile; fileRef = 725CB59A1760A4F60020FC78 /* play-button.png */; };
		725CB5A61760A4F60020FC78 /* plus-button.png in Resources */ = {isa = PBXBuildFile; fileRef = 725CB59B1760A4F60020FC78 /* plus-button.png */; };
		725CB5A71760A4F60020FC78 /* stop-button.png in Resources */ = {isa = PBXBuildFile; fileRef = 725CB59C1760A4F60020FC78 /* stop-button.png */; };
		725CB5A81760A4F60020FC78 /* subdivision-plus-button.png in Resources */ = {isa = PBXBuildFile; fileRef = 725CB59D1760A4F60020FC78 /* subdivision-plus-button.png */; };
		725CB5A91760A4F60020FC78 /* tap-button.png in Resources */ = {isa = PBXBuildFile; fileRef = 725CB59E1760A4F60020FC78 /* tap-button.png */; };
		725CB5AA1760A4F60020FC78 /* tempo-bg.png in Resources */ = {isa = PBXBuildFile; fileRef = 725CB59F1760A4F60020FC78 /* tempo-bg.png */; };
		725CB5AB1760A4F60020FC78 /* timer1-bg.png in Resources */ = {isa = PBXBuildFile; fileRef = 725CB5A01760A4F60020FC78 /* timer1-bg.png */; };
		725CB5AD1760A5DF0020FC78 /* CoreData.framework in Frameworks */ = {isa = PBXBuildFile; fileRef = 725CB5AC1760A5DF0020FC78 /* CoreData.framework */; };
		725CB5B31760AB1B0020FC78 /* timer2-bg.png in Resources */ = {isa = PBXBuildFile; fileRef = 725CB5B21760AB1B0020FC78 /* timer2-bg.png */; };
		725CB5D81760AD330020FC78 /* SubnoteBig_01.png in Resources */ = {isa = PBXBuildFile; fileRef = 725CB5B51760AD330020FC78 /* SubnoteBig_01.png */; };
		725CB5D91760AD330020FC78 /* SubnoteBig_02.png in Resources */ = {isa = PBXBuildFile; fileRef = 725CB5B61760AD330020FC78 /* SubnoteBig_02.png */; };
		725CB5DA1760AD330020FC78 /* SubnoteBig_03.png in Resources */ = {isa = PBXBuildFile; fileRef = 725CB5B71760AD330020FC78 /* SubnoteBig_03.png */; };
		725CB5DB1760AD330020FC78 /* SubnoteBig_04.png in Resources */ = {isa = PBXBuildFile; fileRef = 725CB5B81760AD330020FC78 /* SubnoteBig_04.png */; };
		725CB5DC1760AD330020FC78 /* SubnoteBig_29.png in Resources */ = {isa = PBXBuildFile; fileRef = 725CB5B91760AD330020FC78 /* SubnoteBig_29.png */; };
		725CB5DD1760AD330020FC78 /* SubnoteBig_30.png in Resources */ = {isa = PBXBuildFile; fileRef = 725CB5BA1760AD330020FC78 /* SubnoteBig_30.png */; };
		725CB5DE1760AD330020FC78 /* SubnoteBig_31.png in Resources */ = {isa = PBXBuildFile; fileRef = 725CB5BB1760AD330020FC78 /* SubnoteBig_31.png */; };
		725CB5DF1760AD330020FC78 /* SubnoteBig_32.png in Resources */ = {isa = PBXBuildFile; fileRef = 725CB5BC1760AD330020FC78 /* SubnoteBig_32.png */; };
		725CB5E01760AD330020FC78 /* SubnoteBig_33.png in Resources */ = {isa = PBXBuildFile; fileRef = 725CB5BD1760AD330020FC78 /* SubnoteBig_33.png */; };
		725CB5E11760AD330020FC78 /* SubnoteBig_34.png in Resources */ = {isa = PBXBuildFile; fileRef = 725CB5BE1760AD330020FC78 /* SubnoteBig_34.png */; };
		725CB5E21760AD330020FC78 /* SubnoteBig_35.png in Resources */ = {isa = PBXBuildFile; fileRef = 725CB5BF1760AD330020FC78 /* SubnoteBig_35.png */; };
		725CB5E31760AD330020FC78 /* SubnoteBig_38.png in Resources */ = {isa = PBXBuildFile; fileRef = 725CB5C01760AD330020FC78 /* SubnoteBig_38.png */; };
		725CB5E41760AD330020FC78 /* SubnoteBig_39.png in Resources */ = {isa = PBXBuildFile; fileRef = 725CB5C11760AD330020FC78 /* SubnoteBig_39.png */; };
		725CB5E51760AD330020FC78 /* SubnoteBig_40.png in Resources */ = {isa = PBXBuildFile; fileRef = 725CB5C21760AD330020FC78 /* SubnoteBig_40.png */; };
		725CB5E61760AD330020FC78 /* SubnoteBig_41.png in Resources */ = {isa = PBXBuildFile; fileRef = 725CB5C31760AD330020FC78 /* SubnoteBig_41.png */; };
		725CB5E71760AD330020FC78 /* SubnoteBig_42.png in Resources */ = {isa = PBXBuildFile; fileRef = 725CB5C41760AD330020FC78 /* SubnoteBig_42.png */; };
		725CB5E81760AD330020FC78 /* SubnoteBig_44.png in Resources */ = {isa = PBXBuildFile; fileRef = 725CB5C51760AD330020FC78 /* SubnoteBig_44.png */; };
		725CB5E91760AD330020FC78 /* SubnoteSmall_06.png in Resources */ = {isa = PBXBuildFile; fileRef = 725CB5C61760AD330020FC78 /* SubnoteSmall_06.png */; };
		725CB5EA1760AD330020FC78 /* SubnoteSmall_07.png in Resources */ = {isa = PBXBuildFile; fileRef = 725CB5C71760AD330020FC78 /* SubnoteSmall_07.png */; };
		725CB5EB1760AD330020FC78 /* SubnoteSmall_08.png in Resources */ = {isa = PBXBuildFile; fileRef = 725CB5C81760AD330020FC78 /* SubnoteSmall_08.png */; };
		725CB5EC1760AD330020FC78 /* SubnoteSmall_09.png in Resources */ = {isa = PBXBuildFile; fileRef = 725CB5C91760AD330020FC78 /* SubnoteSmall_09.png */; };
		725CB5ED1760AD330020FC78 /* SubnoteSmall_11.png in Resources */ = {isa = PBXBuildFile; fileRef = 725CB5CA1760AD330020FC78 /* SubnoteSmall_11.png */; };
		725CB5EE1760AD330020FC78 /* SubnoteSmall_12.png in Resources */ = {isa = PBXBuildFile; fileRef = 725CB5CB1760AD330020FC78 /* SubnoteSmall_12.png */; };
		725CB5EF1760AD330020FC78 /* SubnoteSmall_13.png in Resources */ = {isa = PBXBuildFile; fileRef = 725CB5CC1760AD330020FC78 /* SubnoteSmall_13.png */; };
		725CB5F01760AD330020FC78 /* SubnoteSmall_14.png in Resources */ = {isa = PBXBuildFile; fileRef = 725CB5CD1760AD330020FC78 /* SubnoteSmall_14.png */; };
		725CB5F11760AD330020FC78 /* SubnoteSmall_15.png in Resources */ = {isa = PBXBuildFile; fileRef = 725CB5CE1760AD330020FC78 /* SubnoteSmall_15.png */; };
		725CB5F21760AD330020FC78 /* SubnoteSmall_16.png in Resources */ = {isa = PBXBuildFile; fileRef = 725CB5CF1760AD330020FC78 /* SubnoteSmall_16.png */; };
		725CB5F31760AD330020FC78 /* SubnoteSmall_17.png in Resources */ = {isa = PBXBuildFile; fileRef = 725CB5D01760AD330020FC78 /* SubnoteSmall_17.png */; };
		725CB5F41760AD330020FC78 /* SubnoteSmall_20.png in Resources */ = {isa = PBXBuildFile; fileRef = 725CB5D11760AD330020FC78 /* SubnoteSmall_20.png */; };
		725CB5F51760AD330020FC78 /* SubnoteSmall_21.png in Resources */ = {isa = PBXBuildFile; fileRef = 725CB5D21760AD330020FC78 /* SubnoteSmall_21.png */; };
		725CB5F61760AD330020FC78 /* SubnoteSmall_22.png in Resources */ = {isa = PBXBuildFile; fileRef = 725CB5D31760AD330020FC78 /* SubnoteSmall_22.png */; };
		725CB5F71760AD330020FC78 /* SubnoteSmall_23.png in Resources */ = {isa = PBXBuildFile; fileRef = 725CB5D41760AD330020FC78 /* SubnoteSmall_23.png */; };
		725CB5F81760AD330020FC78 /* SubnoteSmall_24.png in Resources */ = {isa = PBXBuildFile; fileRef = 725CB5D51760AD330020FC78 /* SubnoteSmall_24.png */; };
		725CB5F91760AD330020FC78 /* SubnoteSmall_26.png in Resources */ = {isa = PBXBuildFile; fileRef = 725CB5D61760AD330020FC78 /* SubnoteSmall_26.png */; };
		725CB5FA1760AD330020FC78 /* SubnoteSmall_27.png in Resources */ = {isa = PBXBuildFile; fileRef = 725CB5D71760AD330020FC78 /* SubnoteSmall_27.png */; };
		725CB5FD1760AFB40020FC78 /* root-bg.png in Resources */ = {isa = PBXBuildFile; fileRef = 725CB5FB1760AFAD0020FC78 /* root-bg.png */; };
		725CB5FE1760AFB40020FC78 /* small-line.png in Resources */ = {isa = PBXBuildFile; fileRef = 725CB5FC1760AFB10020FC78 /* small-line.png */; };
		7289355A175DA8D900EED04E /* UIKit.framework in Frameworks */ = {isa = PBXBuildFile; fileRef = 72893559175DA8D900EED04E /* UIKit.framework */; };
		7289355C175DA8D900EED04E /* Foundation.framework in Frameworks */ = {isa = PBXBuildFile; fileRef = 7289355B175DA8D900EED04E /* Foundation.framework */; };
		7289355E175DA8D900EED04E /* CoreGraphics.framework in Frameworks */ = {isa = PBXBuildFile; fileRef = 7289355D175DA8D900EED04E /* CoreGraphics.framework */; };
		72893564175DA8D900EED04E /* InfoPlist.strings in Resources */ = {isa = PBXBuildFile; fileRef = 72893562175DA8D900EED04E /* InfoPlist.strings */; };
		72893566175DA8D900EED04E /* main.m in Sources */ = {isa = PBXBuildFile; fileRef = 72893565175DA8D900EED04E /* main.m */; };
		7289356A175DA8D900EED04E /* BTAppDelegate.m in Sources */ = {isa = PBXBuildFile; fileRef = 72893569175DA8D900EED04E /* BTAppDelegate.m */; };
		72893573175DA8D900EED04E /* MainStoryboard.storyboard in Resources */ = {isa = PBXBuildFile; fileRef = 72893571175DA8D900EED04E /* MainStoryboard.storyboard */; };
		72893576175DA8D900EED04E /* BTMainViewController.m in Sources */ = {isa = PBXBuildFile; fileRef = 72893575175DA8D900EED04E /* BTMainViewController.m */; };
		7289357E175DA97100EED04E /* BTBaseViewController.m in Sources */ = {isa = PBXBuildFile; fileRef = 7289357D175DA97100EED04E /* BTBaseViewController.m */; };
		72893583175DAA7400EED04E /* BTGlobals.m in Sources */ = {isa = PBXBuildFile; fileRef = 72893582175DAA7400EED04E /* BTGlobals.m */; };
		7289358A175DAC9900EED04E /* BTTempoViewController.m in Sources */ = {isa = PBXBuildFile; fileRef = 72893589175DAC9900EED04E /* BTTempoViewController.m */; };
		72B45B34175DD7DC0071A082 /* BTSettingsViewController.m in Sources */ = {isa = PBXBuildFile; fileRef = 72B45B33175DD7DC0071A082 /* BTSettingsViewController.m */; };
		72B45B37175DDA840071A082 /* BTSwipeViewController.m in Sources */ = {isa = PBXBuildFile; fileRef = 72B45B36175DDA840071A082 /* BTSwipeViewController.m */; };
		72B45B3A175DDD110071A082 /* BTCommonViewController.m in Sources */ = {isa = PBXBuildFile; fileRef = 72B45B39175DDD110071A082 /* BTCommonViewController.m */; };
		72F805A31760C16E00776D95 /* beat-note-minus-button.png in Resources */ = {isa = PBXBuildFile; fileRef = 72F805A11760C16E00776D95 /* beat-note-minus-button.png */; };
		72F805A41760C16E00776D95 /* subdivision-minus-button.png in Resources */ = {isa = PBXBuildFile; fileRef = 72F805A21760C16E00776D95 /* subdivision-minus-button.png */; };
		72F805AC1760CE3900776D95 /* Default.png in Resources */ = {isa = PBXBuildFile; fileRef = 72F805AB1760CE3900776D95 /* Default.png */; };
		72F805AF1760CE5700776D95 /* Default@2x.png in Resources */ = {isa = PBXBuildFile; fileRef = 72F805AD1760CE5600776D95 /* Default@2x.png */; };
		72F805B01760CE5700776D95 /* Default-568h@2x.png in Resources */ = {isa = PBXBuildFile; fileRef = 72F805AE1760CE5600776D95 /* Default-568h@2x.png */; };
		F47E9D12176039D400C42899 /* BTTimeToBeatTransmitter.m in Sources */ = {isa = PBXBuildFile; fileRef = F47E9D11176039D400C42899 /* BTTimeToBeatTransmitter.m */; };
		F47E9D1517603B0F00C42899 /* BTBeat.m in Sources */ = {isa = PBXBuildFile; fileRef = F47E9D1417603B0F00C42899 /* BTBeat.m */; };
		F47E9D1817603D7600C42899 /* BTMeasure.m in Sources */ = {isa = PBXBuildFile; fileRef = F47E9D1717603D7500C42899 /* BTMeasure.m */; };
		F47E9D1B1760429400C42899 /* BTTimeLine.m in Sources */ = {isa = PBXBuildFile; fileRef = F47E9D1A1760429400C42899 /* BTTimeLine.m */; };
		F49E6D14175F3D1D00E2EDCB /* BTSimpleFileSoundEngine.m in Sources */ = {isa = PBXBuildFile; fileRef = F49E6D13175F3D1D00E2EDCB /* BTSimpleFileSoundEngine.m */; };
		F49E6D16175F3D5A00E2EDCB /* AudioToolbox.framework in Frameworks */ = {isa = PBXBuildFile; fileRef = F49E6D15175F3D5A00E2EDCB /* AudioToolbox.framework */; };
		F49E6D19175F3DE100E2EDCB /* tick.aif in Resources */ = {isa = PBXBuildFile; fileRef = F49E6D18175F3DE100E2EDCB /* tick.aif */; };
		F49E6D1E175F787E00E2EDCB /* QuartzCore.framework in Frameworks */ = {isa = PBXBuildFile; fileRef = F49E6D1D175F787E00E2EDCB /* QuartzCore.framework */; };
		F49E6D20175F78A800E2EDCB /* AVFoundation.framework in Frameworks */ = {isa = PBXBuildFile; fileRef = F49E6D1F175F78A800E2EDCB /* AVFoundation.framework */; };
		F49E6D23175F7ECF00E2EDCB /* BTMetronomeCoreController.m in Sources */ = {isa = PBXBuildFile; fileRef = F49E6D22175F7ECF00E2EDCB /* BTMetronomeCoreController.m */; };
/* End PBXBuildFile section */

/* Begin PBXFileReference section */
		723FA12A175DEDFD00DEF5E0 /* BTConstants.h */ = {isa = PBXFileReference; fileEncoding = 4; lastKnownFileType = sourcecode.c.h; path = BTConstants.h; sourceTree = "<group>"; };
		723FA12B175DEDFD00DEF5E0 /* BTConstants.m */ = {isa = PBXFileReference; fileEncoding = 4; lastKnownFileType = sourcecode.c.objc; path = BTConstants.m; sourceTree = "<group>"; };
		723FA12D175DF4C500DEF5E0 /* BTRootViewController.h */ = {isa = PBXFileReference; fileEncoding = 4; lastKnownFileType = sourcecode.c.h; lineEnding = 0; path = BTRootViewController.h; sourceTree = "<group>"; xcLanguageSpecificationIdentifier = xcode.lang.objcpp; };
		723FA12E175DF4C500DEF5E0 /* BTRootViewController.m */ = {isa = PBXFileReference; fileEncoding = 4; lastKnownFileType = sourcecode.c.objc; lineEnding = 0; path = BTRootViewController.m; sourceTree = "<group>"; xcLanguageSpecificationIdentifier = xcode.lang.objc; };
		723FA136175E37A500DEF5E0 /* BTNoBandViewController.h */ = {isa = PBXFileReference; fileEncoding = 4; lastKnownFileType = sourcecode.c.h; path = BTNoBandViewController.h; sourceTree = "<group>"; };
		723FA137175E37A500DEF5E0 /* BTNoBandViewController.m */ = {isa = PBXFileReference; fileEncoding = 4; lastKnownFileType = sourcecode.c.objc; path = BTNoBandViewController.m; sourceTree = "<group>"; };
		725CB58B1760A4780020FC78 /* Model.xcdatamodel */ = {isa = PBXFileReference; lastKnownFileType = wrapper.xcdatamodel; path = Model.xcdatamodel; sourceTree = "<group>"; };
		725CB58E1760A4C00020FC78 /* BTEntity.h */ = {isa = PBXFileReference; lastKnownFileType = sourcecode.c.h; name = BTEntity.h; path = SmartBat/BTEntity.h; sourceTree = "<group>"; };
		725CB58F1760A4C00020FC78 /* BTEntity.m */ = {isa = PBXFileReference; lastKnownFileType = sourcecode.c.objc; name = BTEntity.m; path = SmartBat/BTEntity.m; sourceTree = "<group>"; };
		725CB5901760A4D70020FC78 /* band-button.png */ = {isa = PBXFileReference; lastKnownFileType = image.png; path = "band-button.png"; sourceTree = "<group>"; };
		725CB5911760A4D70020FC78 /* beat-note-plus-button.png */ = {isa = PBXFileReference; lastKnownFileType = image.png; path = "beat-note-plus-button.png"; sourceTree = "<group>"; };
		725CB5921760A4D70020FC78 /* common-button.png */ = {isa = PBXFileReference; lastKnownFileType = image.png; path = "common-button.png"; sourceTree = "<group>"; };
		725CB5961760A4F60020FC78 /* main-bg.png */ = {isa = PBXFileReference; lastKnownFileType = image.png; path = "main-bg.png"; sourceTree = "<group>"; };
		725CB5971760A4F60020FC78 /* minus-button.png */ = {isa = PBXFileReference; lastKnownFileType = image.png; path = "minus-button.png"; sourceTree = "<group>"; };
		725CB5981760A4F60020FC78 /* pause-button.png */ = {isa = PBXFileReference; lastKnownFileType = image.png; path = "pause-button.png"; sourceTree = "<group>"; };
		725CB5991760A4F60020FC78 /* play-bg.png */ = {isa = PBXFileReference; lastKnownFileType = image.png; path = "play-bg.png"; sourceTree = "<group>"; };
		725CB59A1760A4F60020FC78 /* play-button.png */ = {isa = PBXFileReference; lastKnownFileType = image.png; path = "play-button.png"; sourceTree = "<group>"; };
		725CB59B1760A4F60020FC78 /* plus-button.png */ = {isa = PBXFileReference; lastKnownFileType = image.png; path = "plus-button.png"; sourceTree = "<group>"; };
		725CB59C1760A4F60020FC78 /* stop-button.png */ = {isa = PBXFileReference; lastKnownFileType = image.png; path = "stop-button.png"; sourceTree = "<group>"; };
		725CB59D1760A4F60020FC78 /* subdivision-plus-button.png */ = {isa = PBXFileReference; lastKnownFileType = image.png; path = "subdivision-plus-button.png"; sourceTree = "<group>"; };
		725CB59E1760A4F60020FC78 /* tap-button.png */ = {isa = PBXFileReference; lastKnownFileType = image.png; path = "tap-button.png"; sourceTree = "<group>"; };
		725CB59F1760A4F60020FC78 /* tempo-bg.png */ = {isa = PBXFileReference; lastKnownFileType = image.png; path = "tempo-bg.png"; sourceTree = "<group>"; };
		725CB5A01760A4F60020FC78 /* timer1-bg.png */ = {isa = PBXFileReference; lastKnownFileType = image.png; path = "timer1-bg.png"; sourceTree = "<group>"; };
		725CB5AC1760A5DF0020FC78 /* CoreData.framework */ = {isa = PBXFileReference; lastKnownFileType = wrapper.framework; name = CoreData.framework; path = System/Library/Frameworks/CoreData.framework; sourceTree = SDKROOT; };
		725CB5B21760AB1B0020FC78 /* timer2-bg.png */ = {isa = PBXFileReference; lastKnownFileType = image.png; path = "timer2-bg.png"; sourceTree = "<group>"; };
		725CB5B51760AD330020FC78 /* SubnoteBig_01.png */ = {isa = PBXFileReference; lastKnownFileType = image.png; path = SubnoteBig_01.png; sourceTree = "<group>"; };
		725CB5B61760AD330020FC78 /* SubnoteBig_02.png */ = {isa = PBXFileReference; lastKnownFileType = image.png; path = SubnoteBig_02.png; sourceTree = "<group>"; };
		725CB5B71760AD330020FC78 /* SubnoteBig_03.png */ = {isa = PBXFileReference; lastKnownFileType = image.png; path = SubnoteBig_03.png; sourceTree = "<group>"; };
		725CB5B81760AD330020FC78 /* SubnoteBig_04.png */ = {isa = PBXFileReference; lastKnownFileType = image.png; path = SubnoteBig_04.png; sourceTree = "<group>"; };
		725CB5B91760AD330020FC78 /* SubnoteBig_29.png */ = {isa = PBXFileReference; lastKnownFileType = image.png; path = SubnoteBig_29.png; sourceTree = "<group>"; };
		725CB5BA1760AD330020FC78 /* SubnoteBig_30.png */ = {isa = PBXFileReference; lastKnownFileType = image.png; path = SubnoteBig_30.png; sourceTree = "<group>"; };
		725CB5BB1760AD330020FC78 /* SubnoteBig_31.png */ = {isa = PBXFileReference; lastKnownFileType = image.png; path = SubnoteBig_31.png; sourceTree = "<group>"; };
		725CB5BC1760AD330020FC78 /* SubnoteBig_32.png */ = {isa = PBXFileReference; lastKnownFileType = image.png; path = SubnoteBig_32.png; sourceTree = "<group>"; };
		725CB5BD1760AD330020FC78 /* SubnoteBig_33.png */ = {isa = PBXFileReference; lastKnownFileType = image.png; path = SubnoteBig_33.png; sourceTree = "<group>"; };
		725CB5BE1760AD330020FC78 /* SubnoteBig_34.png */ = {isa = PBXFileReference; lastKnownFileType = image.png; path = SubnoteBig_34.png; sourceTree = "<group>"; };
		725CB5BF1760AD330020FC78 /* SubnoteBig_35.png */ = {isa = PBXFileReference; lastKnownFileType = image.png; path = SubnoteBig_35.png; sourceTree = "<group>"; };
		725CB5C01760AD330020FC78 /* SubnoteBig_38.png */ = {isa = PBXFileReference; lastKnownFileType = image.png; path = SubnoteBig_38.png; sourceTree = "<group>"; };
		725CB5C11760AD330020FC78 /* SubnoteBig_39.png */ = {isa = PBXFileReference; lastKnownFileType = image.png; path = SubnoteBig_39.png; sourceTree = "<group>"; };
		725CB5C21760AD330020FC78 /* SubnoteBig_40.png */ = {isa = PBXFileReference; lastKnownFileType = image.png; path = SubnoteBig_40.png; sourceTree = "<group>"; };
		725CB5C31760AD330020FC78 /* SubnoteBig_41.png */ = {isa = PBXFileReference; lastKnownFileType = image.png; path = SubnoteBig_41.png; sourceTree = "<group>"; };
		725CB5C41760AD330020FC78 /* SubnoteBig_42.png */ = {isa = PBXFileReference; lastKnownFileType = image.png; path = SubnoteBig_42.png; sourceTree = "<group>"; };
		725CB5C51760AD330020FC78 /* SubnoteBig_44.png */ = {isa = PBXFileReference; lastKnownFileType = image.png; path = SubnoteBig_44.png; sourceTree = "<group>"; };
		725CB5C61760AD330020FC78 /* SubnoteSmall_06.png */ = {isa = PBXFileReference; lastKnownFileType = image.png; path = SubnoteSmall_06.png; sourceTree = "<group>"; };
		725CB5C71760AD330020FC78 /* SubnoteSmall_07.png */ = {isa = PBXFileReference; lastKnownFileType = image.png; path = SubnoteSmall_07.png; sourceTree = "<group>"; };
		725CB5C81760AD330020FC78 /* SubnoteSmall_08.png */ = {isa = PBXFileReference; lastKnownFileType = image.png; path = SubnoteSmall_08.png; sourceTree = "<group>"; };
		725CB5C91760AD330020FC78 /* SubnoteSmall_09.png */ = {isa = PBXFileReference; lastKnownFileType = image.png; path = SubnoteSmall_09.png; sourceTree = "<group>"; };
		725CB5CA1760AD330020FC78 /* SubnoteSmall_11.png */ = {isa = PBXFileReference; lastKnownFileType = image.png; path = SubnoteSmall_11.png; sourceTree = "<group>"; };
		725CB5CB1760AD330020FC78 /* SubnoteSmall_12.png */ = {isa = PBXFileReference; lastKnownFileType = image.png; path = SubnoteSmall_12.png; sourceTree = "<group>"; };
		725CB5CC1760AD330020FC78 /* SubnoteSmall_13.png */ = {isa = PBXFileReference; lastKnownFileType = image.png; path = SubnoteSmall_13.png; sourceTree = "<group>"; };
		725CB5CD1760AD330020FC78 /* SubnoteSmall_14.png */ = {isa = PBXFileReference; lastKnownFileType = image.png; path = SubnoteSmall_14.png; sourceTree = "<group>"; };
		725CB5CE1760AD330020FC78 /* SubnoteSmall_15.png */ = {isa = PBXFileReference; lastKnownFileType = image.png; path = SubnoteSmall_15.png; sourceTree = "<group>"; };
		725CB5CF1760AD330020FC78 /* SubnoteSmall_16.png */ = {isa = PBXFileReference; lastKnownFileType = image.png; path = SubnoteSmall_16.png; sourceTree = "<group>"; };
		725CB5D01760AD330020FC78 /* SubnoteSmall_17.png */ = {isa = PBXFileReference; lastKnownFileType = image.png; path = SubnoteSmall_17.png; sourceTree = "<group>"; };
		725CB5D11760AD330020FC78 /* SubnoteSmall_20.png */ = {isa = PBXFileReference; lastKnownFileType = image.png; path = SubnoteSmall_20.png; sourceTree = "<group>"; };
		725CB5D21760AD330020FC78 /* SubnoteSmall_21.png */ = {isa = PBXFileReference; lastKnownFileType = image.png; path = SubnoteSmall_21.png; sourceTree = "<group>"; };
		725CB5D31760AD330020FC78 /* SubnoteSmall_22.png */ = {isa = PBXFileReference; lastKnownFileType = image.png; path = SubnoteSmall_22.png; sourceTree = "<group>"; };
		725CB5D41760AD330020FC78 /* SubnoteSmall_23.png */ = {isa = PBXFileReference; lastKnownFileType = image.png; path = SubnoteSmall_23.png; sourceTree = "<group>"; };
		725CB5D51760AD330020FC78 /* SubnoteSmall_24.png */ = {isa = PBXFileReference; lastKnownFileType = image.png; path = SubnoteSmall_24.png; sourceTree = "<group>"; };
		725CB5D61760AD330020FC78 /* SubnoteSmall_26.png */ = {isa = PBXFileReference; lastKnownFileType = image.png; path = SubnoteSmall_26.png; sourceTree = "<group>"; };
		725CB5D71760AD330020FC78 /* SubnoteSmall_27.png */ = {isa = PBXFileReference; lastKnownFileType = image.png; path = SubnoteSmall_27.png; sourceTree = "<group>"; };
		725CB5FB1760AFAD0020FC78 /* root-bg.png */ = {isa = PBXFileReference; lastKnownFileType = image.png; path = "root-bg.png"; sourceTree = "<group>"; };
		725CB5FC1760AFB10020FC78 /* small-line.png */ = {isa = PBXFileReference; lastKnownFileType = image.png; path = "small-line.png"; sourceTree = "<group>"; };
		72893556175DA8D900EED04E /* SmartBat.app */ = {isa = PBXFileReference; explicitFileType = wrapper.application; includeInIndex = 0; path = SmartBat.app; sourceTree = BUILT_PRODUCTS_DIR; };
		72893559175DA8D900EED04E /* UIKit.framework */ = {isa = PBXFileReference; lastKnownFileType = wrapper.framework; name = UIKit.framework; path = System/Library/Frameworks/UIKit.framework; sourceTree = SDKROOT; };
		7289355B175DA8D900EED04E /* Foundation.framework */ = {isa = PBXFileReference; lastKnownFileType = wrapper.framework; name = Foundation.framework; path = System/Library/Frameworks/Foundation.framework; sourceTree = SDKROOT; };
		7289355D175DA8D900EED04E /* CoreGraphics.framework */ = {isa = PBXFileReference; lastKnownFileType = wrapper.framework; name = CoreGraphics.framework; path = System/Library/Frameworks/CoreGraphics.framework; sourceTree = SDKROOT; };
		72893561175DA8D900EED04E /* SmartBat-Info.plist */ = {isa = PBXFileReference; lastKnownFileType = text.plist.xml; path = "SmartBat-Info.plist"; sourceTree = "<group>"; };
		72893563175DA8D900EED04E /* en */ = {isa = PBXFileReference; lastKnownFileType = text.plist.strings; name = en; path = en.lproj/InfoPlist.strings; sourceTree = "<group>"; };
		72893565175DA8D900EED04E /* main.m */ = {isa = PBXFileReference; lastKnownFileType = sourcecode.c.objc; path = main.m; sourceTree = "<group>"; };
		72893567175DA8D900EED04E /* SmartBat-Prefix.pch */ = {isa = PBXFileReference; lastKnownFileType = sourcecode.c.h; path = "SmartBat-Prefix.pch"; sourceTree = "<group>"; };
		72893568175DA8D900EED04E /* BTAppDelegate.h */ = {isa = PBXFileReference; lastKnownFileType = sourcecode.c.h; path = BTAppDelegate.h; sourceTree = "<group>"; };
		72893569175DA8D900EED04E /* BTAppDelegate.m */ = {isa = PBXFileReference; lastKnownFileType = sourcecode.c.objc; path = BTAppDelegate.m; sourceTree = "<group>"; };
		72893572175DA8D900EED04E /* en */ = {isa = PBXFileReference; lastKnownFileType = file.storyboard; name = en; path = en.lproj/MainStoryboard.storyboard; sourceTree = "<group>"; };
		72893574175DA8D900EED04E /* BTMainViewController.h */ = {isa = PBXFileReference; lastKnownFileType = sourcecode.c.h; path = BTMainViewController.h; sourceTree = "<group>"; };
		72893575175DA8D900EED04E /* BTMainViewController.m */ = {isa = PBXFileReference; lastKnownFileType = sourcecode.c.objc; lineEnding = 0; path = BTMainViewController.m; sourceTree = "<group>"; xcLanguageSpecificationIdentifier = xcode.lang.objc; };
		7289357C175DA97100EED04E /* BTBaseViewController.h */ = {isa = PBXFileReference; fileEncoding = 4; lastKnownFileType = sourcecode.c.h; lineEnding = 0; name = BTBaseViewController.h; path = SmartBat/BTBaseViewController.h; sourceTree = "<group>"; xcLanguageSpecificationIdentifier = xcode.lang.objcpp; };
		7289357D175DA97100EED04E /* BTBaseViewController.m */ = {isa = PBXFileReference; fileEncoding = 4; lastKnownFileType = sourcecode.c.objc; lineEnding = 0; name = BTBaseViewController.m; path = SmartBat/BTBaseViewController.m; sourceTree = "<group>"; xcLanguageSpecificationIdentifier = xcode.lang.objc; };
		72893581175DAA7400EED04E /* BTGlobals.h */ = {isa = PBXFileReference; fileEncoding = 4; lastKnownFileType = sourcecode.c.h; lineEnding = 0; path = BTGlobals.h; sourceTree = "<group>"; xcLanguageSpecificationIdentifier = xcode.lang.objcpp; };
		72893582175DAA7400EED04E /* BTGlobals.m */ = {isa = PBXFileReference; fileEncoding = 4; lastKnownFileType = sourcecode.c.objc; lineEnding = 0; path = BTGlobals.m; sourceTree = "<group>"; xcLanguageSpecificationIdentifier = xcode.lang.objc; };
		72893588175DAC9900EED04E /* BTTempoViewController.h */ = {isa = PBXFileReference; fileEncoding = 4; lastKnownFileType = sourcecode.c.h; name = BTTempoViewController.h; path = ../BTTempoViewController.h; sourceTree = "<group>"; };
		72893589175DAC9900EED04E /* BTTempoViewController.m */ = {isa = PBXFileReference; fileEncoding = 4; lastKnownFileType = sourcecode.c.objc; name = BTTempoViewController.m; path = ../BTTempoViewController.m; sourceTree = "<group>"; };
		72B45B32175DD7DC0071A082 /* BTSettingsViewController.h */ = {isa = PBXFileReference; fileEncoding = 4; lastKnownFileType = sourcecode.c.h; path = BTSettingsViewController.h; sourceTree = "<group>"; };
		72B45B33175DD7DC0071A082 /* BTSettingsViewController.m */ = {isa = PBXFileReference; fileEncoding = 4; lastKnownFileType = sourcecode.c.objc; lineEnding = 0; path = BTSettingsViewController.m; sourceTree = "<group>"; xcLanguageSpecificationIdentifier = xcode.lang.objc; };
		72B45B35175DDA840071A082 /* BTSwipeViewController.h */ = {isa = PBXFileReference; fileEncoding = 4; lastKnownFileType = sourcecode.c.h; path = BTSwipeViewController.h; sourceTree = "<group>"; };
		72B45B36175DDA840071A082 /* BTSwipeViewController.m */ = {isa = PBXFileReference; fileEncoding = 4; lastKnownFileType = sourcecode.c.objc; lineEnding = 0; path = BTSwipeViewController.m; sourceTree = "<group>"; xcLanguageSpecificationIdentifier = xcode.lang.objc; };
		72B45B38175DDD110071A082 /* BTCommonViewController.h */ = {isa = PBXFileReference; fileEncoding = 4; lastKnownFileType = sourcecode.c.h; name = BTCommonViewController.h; path = ../BTCommonViewController.h; sourceTree = "<group>"; };
		72B45B39175DDD110071A082 /* BTCommonViewController.m */ = {isa = PBXFileReference; fileEncoding = 4; lastKnownFileType = sourcecode.c.objc; name = BTCommonViewController.m; path = ../BTCommonViewController.m; sourceTree = "<group>"; };
		72F805A11760C16E00776D95 /* beat-note-minus-button.png */ = {isa = PBXFileReference; lastKnownFileType = image.png; path = "beat-note-minus-button.png"; sourceTree = "<group>"; };
		72F805A21760C16E00776D95 /* subdivision-minus-button.png */ = {isa = PBXFileReference; lastKnownFileType = image.png; path = "subdivision-minus-button.png"; sourceTree = "<group>"; };
		72F805AB1760CE3900776D95 /* Default.png */ = {isa = PBXFileReference; lastKnownFileType = image.png; path = Default.png; sourceTree = "<group>"; };
		72F805AD1760CE5600776D95 /* Default@2x.png */ = {isa = PBXFileReference; lastKnownFileType = image.png; path = "Default@2x.png"; sourceTree = "<group>"; };
		72F805AE1760CE5600776D95 /* Default-568h@2x.png */ = {isa = PBXFileReference; lastKnownFileType = image.png; path = "Default-568h@2x.png"; sourceTree = "<group>"; };
		F47E9D10176039D400C42899 /* BTTimeToBeatTransmitter.h */ = {isa = PBXFileReference; fileEncoding = 4; lastKnownFileType = sourcecode.c.h; path = BTTimeToBeatTransmitter.h; sourceTree = "<group>"; };
		F47E9D11176039D400C42899 /* BTTimeToBeatTransmitter.m */ = {isa = PBXFileReference; fileEncoding = 4; lastKnownFileType = sourcecode.c.objc; path = BTTimeToBeatTransmitter.m; sourceTree = "<group>"; };
		F47E9D1317603B0F00C42899 /* BTBeat.h */ = {isa = PBXFileReference; fileEncoding = 4; lastKnownFileType = sourcecode.c.h; path = BTBeat.h; sourceTree = "<group>"; };
		F47E9D1417603B0F00C42899 /* BTBeat.m */ = {isa = PBXFileReference; fileEncoding = 4; lastKnownFileType = sourcecode.c.objc; path = BTBeat.m; sourceTree = "<group>"; };
		F47E9D1617603D7500C42899 /* BTMeasure.h */ = {isa = PBXFileReference; fileEncoding = 4; lastKnownFileType = sourcecode.c.h; path = BTMeasure.h; sourceTree = "<group>"; };
		F47E9D1717603D7500C42899 /* BTMeasure.m */ = {isa = PBXFileReference; fileEncoding = 4; lastKnownFileType = sourcecode.c.objc; path = BTMeasure.m; sourceTree = "<group>"; };
		F47E9D191760429400C42899 /* BTTimeLine.h */ = {isa = PBXFileReference; fileEncoding = 4; lastKnownFileType = sourcecode.c.h; path = BTTimeLine.h; sourceTree = "<group>"; };
		F47E9D1A1760429400C42899 /* BTTimeLine.m */ = {isa = PBXFileReference; fileEncoding = 4; lastKnownFileType = sourcecode.c.objc; path = BTTimeLine.m; sourceTree = "<group>"; };
		F49E6D12175F3D1D00E2EDCB /* BTSimpleFileSoundEngine.h */ = {isa = PBXFileReference; fileEncoding = 4; lastKnownFileType = sourcecode.c.h; path = BTSimpleFileSoundEngine.h; sourceTree = "<group>"; };
		F49E6D13175F3D1D00E2EDCB /* BTSimpleFileSoundEngine.m */ = {isa = PBXFileReference; fileEncoding = 4; lastKnownFileType = sourcecode.c.objc; path = BTSimpleFileSoundEngine.m; sourceTree = "<group>"; };
		F49E6D15175F3D5A00E2EDCB /* AudioToolbox.framework */ = {isa = PBXFileReference; lastKnownFileType = wrapper.framework; name = AudioToolbox.framework; path = System/Library/Frameworks/AudioToolbox.framework; sourceTree = SDKROOT; };
		F49E6D18175F3DE100E2EDCB /* tick.aif */ = {isa = PBXFileReference; lastKnownFileType = file; path = tick.aif; sourceTree = "<group>"; };
		F49E6D1D175F787E00E2EDCB /* QuartzCore.framework */ = {isa = PBXFileReference; lastKnownFileType = wrapper.framework; name = QuartzCore.framework; path = System/Library/Frameworks/QuartzCore.framework; sourceTree = SDKROOT; };
		F49E6D1F175F78A800E2EDCB /* AVFoundation.framework */ = {isa = PBXFileReference; lastKnownFileType = wrapper.framework; name = AVFoundation.framework; path = System/Library/Frameworks/AVFoundation.framework; sourceTree = SDKROOT; };
		F49E6D21175F7ECF00E2EDCB /* BTMetronomeCoreController.h */ = {isa = PBXFileReference; fileEncoding = 4; lastKnownFileType = sourcecode.c.h; path = BTMetronomeCoreController.h; sourceTree = "<group>"; };
		F49E6D22175F7ECF00E2EDCB /* BTMetronomeCoreController.m */ = {isa = PBXFileReference; fileEncoding = 4; lastKnownFileType = sourcecode.c.objc; path = BTMetronomeCoreController.m; sourceTree = "<group>"; };
/* End PBXFileReference section */

/* Begin PBXFrameworksBuildPhase section */
		72893553175DA8D900EED04E /* Frameworks */ = {
			isa = PBXFrameworksBuildPhase;
			buildActionMask = 2147483647;
			files = (
				725CB5AD1760A5DF0020FC78 /* CoreData.framework in Frameworks */,
				F49E6D20175F78A800E2EDCB /* AVFoundation.framework in Frameworks */,
				F49E6D1E175F787E00E2EDCB /* QuartzCore.framework in Frameworks */,
				F49E6D16175F3D5A00E2EDCB /* AudioToolbox.framework in Frameworks */,
				7289355A175DA8D900EED04E /* UIKit.framework in Frameworks */,
				7289355C175DA8D900EED04E /* Foundation.framework in Frameworks */,
				7289355E175DA8D900EED04E /* CoreGraphics.framework in Frameworks */,
			);
			runOnlyForDeploymentPostprocessing = 0;
		};
/* End PBXFrameworksBuildPhase section */

/* Begin PBXGroup section */
		723FA14D175F209800DEF5E0 /* Images */ = {
			isa = PBXGroup;
			children = (
				725CB5901760A4D70020FC78 /* band-button.png */,
				72F805A11760C16E00776D95 /* beat-note-minus-button.png */,
				725CB5911760A4D70020FC78 /* beat-note-plus-button.png */,
				725CB5921760A4D70020FC78 /* common-button.png */,
				725CB5961760A4F60020FC78 /* main-bg.png */,
				725CB5971760A4F60020FC78 /* minus-button.png */,
				725CB5981760A4F60020FC78 /* pause-button.png */,
				725CB5991760A4F60020FC78 /* play-bg.png */,
				725CB59A1760A4F60020FC78 /* play-button.png */,
				725CB59B1760A4F60020FC78 /* plus-button.png */,
				725CB5FB1760AFAD0020FC78 /* root-bg.png */,
				725CB5FC1760AFB10020FC78 /* small-line.png */,
				725CB59C1760A4F60020FC78 /* stop-button.png */,
				72F805A21760C16E00776D95 /* subdivision-minus-button.png */,
				725CB59D1760A4F60020FC78 /* subdivision-plus-button.png */,
				725CB59E1760A4F60020FC78 /* tap-button.png */,
				725CB59F1760A4F60020FC78 /* tempo-bg.png */,
				725CB5A01760A4F60020FC78 /* timer1-bg.png */,
				725CB5B21760AB1B0020FC78 /* timer2-bg.png */,
				725CB5B41760AD1C0020FC78 /* subnote */,
			);
			name = Images;
			sourceTree = "<group>";
		};
		725CB58D1760A48F0020FC78 /* Model */ = {
			isa = PBXGroup;
			children = (
				725CB58E1760A4C00020FC78 /* BTEntity.h */,
				725CB58F1760A4C00020FC78 /* BTEntity.m */,
				725CB58A1760A4780020FC78 /* Model.xcdatamodeld */,
			);
			name = Model;
			sourceTree = "<group>";
		};
		725CB5B41760AD1C0020FC78 /* subnote */ = {
			isa = PBXGroup;
			children = (
				725CB5B51760AD330020FC78 /* SubnoteBig_01.png */,
				725CB5B61760AD330020FC78 /* SubnoteBig_02.png */,
				725CB5B71760AD330020FC78 /* SubnoteBig_03.png */,
				725CB5B81760AD330020FC78 /* SubnoteBig_04.png */,
				725CB5B91760AD330020FC78 /* SubnoteBig_29.png */,
				725CB5BA1760AD330020FC78 /* SubnoteBig_30.png */,
				725CB5BB1760AD330020FC78 /* SubnoteBig_31.png */,
				725CB5BC1760AD330020FC78 /* SubnoteBig_32.png */,
				725CB5BD1760AD330020FC78 /* SubnoteBig_33.png */,
				725CB5BE1760AD330020FC78 /* SubnoteBig_34.png */,
				725CB5BF1760AD330020FC78 /* SubnoteBig_35.png */,
				725CB5C01760AD330020FC78 /* SubnoteBig_38.png */,
				725CB5C11760AD330020FC78 /* SubnoteBig_39.png */,
				725CB5C21760AD330020FC78 /* SubnoteBig_40.png */,
				725CB5C31760AD330020FC78 /* SubnoteBig_41.png */,
				725CB5C41760AD330020FC78 /* SubnoteBig_42.png */,
				725CB5C51760AD330020FC78 /* SubnoteBig_44.png */,
				725CB5C61760AD330020FC78 /* SubnoteSmall_06.png */,
				725CB5C71760AD330020FC78 /* SubnoteSmall_07.png */,
				725CB5C81760AD330020FC78 /* SubnoteSmall_08.png */,
				725CB5C91760AD330020FC78 /* SubnoteSmall_09.png */,
				725CB5CA1760AD330020FC78 /* SubnoteSmall_11.png */,
				725CB5CB1760AD330020FC78 /* SubnoteSmall_12.png */,
				725CB5CC1760AD330020FC78 /* SubnoteSmall_13.png */,
				725CB5CD1760AD330020FC78 /* SubnoteSmall_14.png */,
				725CB5CE1760AD330020FC78 /* SubnoteSmall_15.png */,
				725CB5CF1760AD330020FC78 /* SubnoteSmall_16.png */,
				725CB5D01760AD330020FC78 /* SubnoteSmall_17.png */,
				725CB5D11760AD330020FC78 /* SubnoteSmall_20.png */,
				725CB5D21760AD330020FC78 /* SubnoteSmall_21.png */,
				725CB5D31760AD330020FC78 /* SubnoteSmall_22.png */,
				725CB5D41760AD330020FC78 /* SubnoteSmall_23.png */,
				725CB5D51760AD330020FC78 /* SubnoteSmall_24.png */,
				725CB5D61760AD330020FC78 /* SubnoteSmall_26.png */,
				725CB5D71760AD330020FC78 /* SubnoteSmall_27.png */,
			);
			name = subnote;
			sourceTree = "<group>";
		};
		7289354D175DA8D900EED04E = {
			isa = PBXGroup;
			children = (
				725CB58D1760A48F0020FC78 /* Model */,
				72893558175DA8D900EED04E /* Frameworks */,
				72893557175DA8D900EED04E /* Products */,
				7289355F175DA8D900EED04E /* SmartBat */,
			);
			sourceTree = "<group>";
		};
		72893557175DA8D900EED04E /* Products */ = {
			isa = PBXGroup;
			children = (
				72893556175DA8D900EED04E /* SmartBat.app */,
			);
			name = Products;
			sourceTree = "<group>";
		};
		72893558175DA8D900EED04E /* Frameworks */ = {
			isa = PBXGroup;
			children = (
				725CB5AC1760A5DF0020FC78 /* CoreData.framework */,
				F49E6D1F175F78A800E2EDCB /* AVFoundation.framework */,
				F49E6D1D175F787E00E2EDCB /* QuartzCore.framework */,
				F49E6D15175F3D5A00E2EDCB /* AudioToolbox.framework */,
				72893559175DA8D900EED04E /* UIKit.framework */,
				7289355B175DA8D900EED04E /* Foundation.framework */,
				7289355D175DA8D900EED04E /* CoreGraphics.framework */,
			);
			name = Frameworks;
			sourceTree = "<group>";
		};
		7289355F175DA8D900EED04E /* SmartBat */ = {
			isa = PBXGroup;
			children = (
				72893568175DA8D900EED04E /* BTAppDelegate.h */,
				72893569175DA8D900EED04E /* BTAppDelegate.m */,
				72893580175DA9E900EED04E /* Globals */,
				F49E6D11175F3CEB00E2EDCB /* Metronome Core */,
				72893560175DA8D900EED04E /* Supporting Files */,
				72893584175DAA9B00EED04E /* Views */,
			);
			path = SmartBat;
			sourceTree = "<group>";
		};
		72893560175DA8D900EED04E /* Supporting Files */ = {
			isa = PBXGroup;
			children = (
				72F805AD1760CE5600776D95 /* Default@2x.png */,
				72F805AE1760CE5600776D95 /* Default-568h@2x.png */,
				72F805AB1760CE3900776D95 /* Default.png */,
				F49E6D17175F3DD600E2EDCB /* Sounds */,
				723FA14D175F209800DEF5E0 /* Images */,
				72893565175DA8D900EED04E /* main.m */,
				72893567175DA8D900EED04E /* SmartBat-Prefix.pch */,
				72893561175DA8D900EED04E /* SmartBat-Info.plist */,
				72893562175DA8D900EED04E /* InfoPlist.strings */,
			);
			name = "Supporting Files";
			sourceTree = "<group>";
		};
		7289357F175DA97700EED04E /* Base Class */ = {
			isa = PBXGroup;
			children = (
				7289357C175DA97100EED04E /* BTBaseViewController.h */,
				72B45B32175DD7DC0071A082 /* BTSettingsViewController.h */,
				72B45B35175DDA840071A082 /* BTSwipeViewController.h */,
				7289357D175DA97100EED04E /* BTBaseViewController.m */,
				72B45B33175DD7DC0071A082 /* BTSettingsViewController.m */,
				72B45B36175DDA840071A082 /* BTSwipeViewController.m */,
			);
			name = "Base Class";
			path = ..;
			sourceTree = "<group>";
		};
		72893580175DA9E900EED04E /* Globals */ = {
			isa = PBXGroup;
			children = (
				72893581175DAA7400EED04E /* BTGlobals.h */,
				723FA12A175DEDFD00DEF5E0 /* BTConstants.h */,
				72893582175DAA7400EED04E /* BTGlobals.m */,
				723FA12B175DEDFD00DEF5E0 /* BTConstants.m */,
			);
			name = Globals;
			sourceTree = "<group>";
		};
		72893584175DAA9B00EED04E /* Views */ = {
			isa = PBXGroup;
			children = (
				7289357F175DA97700EED04E /* Base Class */,
				72B45B38175DDD110071A082 /* BTCommonViewController.h */,
				72893574175DA8D900EED04E /* BTMainViewController.h */,
				723FA136175E37A500DEF5E0 /* BTNoBandViewController.h */,
				723FA12D175DF4C500DEF5E0 /* BTRootViewController.h */,
				72893588175DAC9900EED04E /* BTTempoViewController.h */,
				72B45B39175DDD110071A082 /* BTCommonViewController.m */,
				72893575175DA8D900EED04E /* BTMainViewController.m */,
				723FA137175E37A500DEF5E0 /* BTNoBandViewController.m */,
				723FA12E175DF4C500DEF5E0 /* BTRootViewController.m */,
				72893589175DAC9900EED04E /* BTTempoViewController.m */,
				72893571175DA8D900EED04E /* MainStoryboard.storyboard */,
			);
			name = Views;
			sourceTree = "<group>";
		};
		F49E6D11175F3CEB00E2EDCB /* Metronome Core */ = {
			isa = PBXGroup;
			children = (
				F49E6D12175F3D1D00E2EDCB /* BTSimpleFileSoundEngine.h */,
				F49E6D13175F3D1D00E2EDCB /* BTSimpleFileSoundEngine.m */,
				F49E6D21175F7ECF00E2EDCB /* BTMetronomeCoreController.h */,
				F49E6D22175F7ECF00E2EDCB /* BTMetronomeCoreController.m */,
				F47E9D191760429400C42899 /* BTTimeLine.h */,
				F47E9D1A1760429400C42899 /* BTTimeLine.m */,
				F47E9D10176039D400C42899 /* BTTimeToBeatTransmitter.h */,
				F47E9D11176039D400C42899 /* BTTimeToBeatTransmitter.m */,
				F47E9D1317603B0F00C42899 /* BTBeat.h */,
				F47E9D1417603B0F00C42899 /* BTBeat.m */,
				F47E9D1617603D7500C42899 /* BTMeasure.h */,
				F47E9D1717603D7500C42899 /* BTMeasure.m */,
			);
			name = "Metronome Core";
			sourceTree = "<group>";
		};
		F49E6D17175F3DD600E2EDCB /* Sounds */ = {
			isa = PBXGroup;
			children = (
				F49E6D18175F3DE100E2EDCB /* tick.aif */,
			);
			name = Sounds;
			sourceTree = "<group>";
		};
/* End PBXGroup section */

/* Begin PBXNativeTarget section */
		72893555175DA8D900EED04E /* SmartBat */ = {
			isa = PBXNativeTarget;
			buildConfigurationList = 72893579175DA8D900EED04E /* Build configuration list for PBXNativeTarget "SmartBat" */;
			buildPhases = (
				72893552175DA8D900EED04E /* Sources */,
				72893553175DA8D900EED04E /* Frameworks */,
				72893554175DA8D900EED04E /* Resources */,
			);
			buildRules = (
			);
			dependencies = (
			);
			name = SmartBat;
			productName = SmartBat;
			productReference = 72893556175DA8D900EED04E /* SmartBat.app */;
			productType = "com.apple.product-type.application";
		};
/* End PBXNativeTarget section */

/* Begin PBXProject section */
		7289354E175DA8D900EED04E /* Project object */ = {
			isa = PBXProject;
			attributes = {
				CLASSPREFIX = BT;
				LastUpgradeCheck = 0460;
				ORGANIZATIONNAME = "kaka'";
			};
			buildConfigurationList = 72893551175DA8D900EED04E /* Build configuration list for PBXProject "SmartBat" */;
			compatibilityVersion = "Xcode 3.2";
			developmentRegion = English;
			hasScannedForEncodings = 0;
			knownRegions = (
				en,
			);
			mainGroup = 7289354D175DA8D900EED04E;
			productRefGroup = 72893557175DA8D900EED04E /* Products */;
			projectDirPath = "";
			projectRoot = "";
			targets = (
				72893555175DA8D900EED04E /* SmartBat */,
			);
		};
/* End PBXProject section */

/* Begin PBXResourcesBuildPhase section */
		72893554175DA8D900EED04E /* Resources */ = {
			isa = PBXResourcesBuildPhase;
			buildActionMask = 2147483647;
			files = (
				72893564175DA8D900EED04E /* InfoPlist.strings in Resources */,
				72893573175DA8D900EED04E /* MainStoryboard.storyboard in Resources */,
				F49E6D19175F3DE100E2EDCB /* tick.aif in Resources */,
				725CB5931760A4D70020FC78 /* band-button.png in Resources */,
				725CB5941760A4D70020FC78 /* beat-note-plus-button.png in Resources */,
				725CB5951760A4D70020FC78 /* common-button.png in Resources */,
				725CB5A11760A4F60020FC78 /* main-bg.png in Resources */,
				725CB5A21760A4F60020FC78 /* minus-button.png in Resources */,
				725CB5A31760A4F60020FC78 /* pause-button.png in Resources */,
				725CB5A41760A4F60020FC78 /* play-bg.png in Resources */,
				725CB5A51760A4F60020FC78 /* play-button.png in Resources */,
				725CB5A61760A4F60020FC78 /* plus-button.png in Resources */,
				725CB5A71760A4F60020FC78 /* stop-button.png in Resources */,
				725CB5A81760A4F60020FC78 /* subdivision-plus-button.png in Resources */,
				725CB5A91760A4F60020FC78 /* tap-button.png in Resources */,
				725CB5AA1760A4F60020FC78 /* tempo-bg.png in Resources */,
				725CB5AB1760A4F60020FC78 /* timer1-bg.png in Resources */,
				725CB5B31760AB1B0020FC78 /* timer2-bg.png in Resources */,
				725CB5D81760AD330020FC78 /* SubnoteBig_01.png in Resources */,
				725CB5D91760AD330020FC78 /* SubnoteBig_02.png in Resources */,
				725CB5DA1760AD330020FC78 /* SubnoteBig_03.png in Resources */,
				725CB5DB1760AD330020FC78 /* SubnoteBig_04.png in Resources */,
				725CB5DC1760AD330020FC78 /* SubnoteBig_29.png in Resources */,
				725CB5DD1760AD330020FC78 /* SubnoteBig_30.png in Resources */,
				725CB5DE1760AD330020FC78 /* SubnoteBig_31.png in Resources */,
				725CB5DF1760AD330020FC78 /* SubnoteBig_32.png in Resources */,
				725CB5E01760AD330020FC78 /* SubnoteBig_33.png in Resources */,
				725CB5E11760AD330020FC78 /* SubnoteBig_34.png in Resources */,
				725CB5E21760AD330020FC78 /* SubnoteBig_35.png in Resources */,
				725CB5E31760AD330020FC78 /* SubnoteBig_38.png in Resources */,
				725CB5E41760AD330020FC78 /* SubnoteBig_39.png in Resources */,
				725CB5E51760AD330020FC78 /* SubnoteBig_40.png in Resources */,
				725CB5E61760AD330020FC78 /* SubnoteBig_41.png in Resources */,
				725CB5E71760AD330020FC78 /* SubnoteBig_42.png in Resources */,
				725CB5E81760AD330020FC78 /* SubnoteBig_44.png in Resources */,
				725CB5E91760AD330020FC78 /* SubnoteSmall_06.png in Resources */,
				725CB5EA1760AD330020FC78 /* SubnoteSmall_07.png in Resources */,
				725CB5EB1760AD330020FC78 /* SubnoteSmall_08.png in Resources */,
				725CB5EC1760AD330020FC78 /* SubnoteSmall_09.png in Resources */,
				725CB5ED1760AD330020FC78 /* SubnoteSmall_11.png in Resources */,
				725CB5EE1760AD330020FC78 /* SubnoteSmall_12.png in Resources */,
				725CB5EF1760AD330020FC78 /* SubnoteSmall_13.png in Resources */,
				725CB5F01760AD330020FC78 /* SubnoteSmall_14.png in Resources */,
				725CB5F11760AD330020FC78 /* SubnoteSmall_15.png in Resources */,
				725CB5F21760AD330020FC78 /* SubnoteSmall_16.png in Resources */,
				725CB5F31760AD330020FC78 /* SubnoteSmall_17.png in Resources */,
				725CB5F41760AD330020FC78 /* SubnoteSmall_20.png in Resources */,
				725CB5F51760AD330020FC78 /* SubnoteSmall_21.png in Resources */,
				725CB5F61760AD330020FC78 /* SubnoteSmall_22.png in Resources */,
				725CB5F71760AD330020FC78 /* SubnoteSmall_23.png in Resources */,
				725CB5F81760AD330020FC78 /* SubnoteSmall_24.png in Resources */,
				725CB5F91760AD330020FC78 /* SubnoteSmall_26.png in Resources */,
				725CB5FA1760AD330020FC78 /* SubnoteSmall_27.png in Resources */,
				725CB5FD1760AFB40020FC78 /* root-bg.png in Resources */,
				725CB5FE1760AFB40020FC78 /* small-line.png in Resources */,
				72F805A31760C16E00776D95 /* beat-note-minus-button.png in Resources */,
				72F805A41760C16E00776D95 /* subdivision-minus-button.png in Resources */,
				72F805AC1760CE3900776D95 /* Default.png in Resources */,
				72F805AF1760CE5700776D95 /* Default@2x.png in Resources */,
				72F805B01760CE5700776D95 /* Default-568h@2x.png in Resources */,
			);
			runOnlyForDeploymentPostprocessing = 0;
		};
/* End PBXResourcesBuildPhase section */

/* Begin PBXSourcesBuildPhase section */
		72893552175DA8D900EED04E /* Sources */ = {
			isa = PBXSourcesBuildPhase;
			buildActionMask = 2147483647;
			files = (
				72893566175DA8D900EED04E /* main.m in Sources */,
				7289356A175DA8D900EED04E /* BTAppDelegate.m in Sources */,
				72893576175DA8D900EED04E /* BTMainViewController.m in Sources */,
				7289357E175DA97100EED04E /* BTBaseViewController.m in Sources */,
				72893583175DAA7400EED04E /* BTGlobals.m in Sources */,
				7289358A175DAC9900EED04E /* BTTempoViewController.m in Sources */,
				72B45B34175DD7DC0071A082 /* BTSettingsViewController.m in Sources */,
				72B45B37175DDA840071A082 /* BTSwipeViewController.m in Sources */,
				72B45B3A175DDD110071A082 /* BTCommonViewController.m in Sources */,
				723FA12C175DEDFD00DEF5E0 /* BTConstants.m in Sources */,
				723FA12F175DF4C500DEF5E0 /* BTRootViewController.m in Sources */,
				723FA138175E37A500DEF5E0 /* BTNoBandViewController.m in Sources */,
				F49E6D14175F3D1D00E2EDCB /* BTSimpleFileSoundEngine.m in Sources */,
				F49E6D23175F7ECF00E2EDCB /* BTMetronomeCoreController.m in Sources */,
				F47E9D12176039D400C42899 /* BTTimeToBeatTransmitter.m in Sources */,
				F47E9D1517603B0F00C42899 /* BTBeat.m in Sources */,
				F47E9D1817603D7600C42899 /* BTMeasure.m in Sources */,
				F47E9D1B1760429400C42899 /* BTTimeLine.m in Sources */,
				725CB58C1760A4780020FC78 /* Model.xcdatamodeld in Sources */,
			);
			runOnlyForDeploymentPostprocessing = 0;
		};
/* End PBXSourcesBuildPhase section */

/* Begin PBXVariantGroup section */
		72893562175DA8D900EED04E /* InfoPlist.strings */ = {
			isa = PBXVariantGroup;
			children = (
				72893563175DA8D900EED04E /* en */,
			);
			name = InfoPlist.strings;
			sourceTree = "<group>";
		};
		72893571175DA8D900EED04E /* MainStoryboard.storyboard */ = {
			isa = PBXVariantGroup;
			children = (
				72893572175DA8D900EED04E /* en */,
			);
			name = MainStoryboard.storyboard;
			sourceTree = "<group>";
		};
/* End PBXVariantGroup section */

/* Begin XCBuildConfiguration section */
		72893577175DA8D900EED04E /* Debug */ = {
			isa = XCBuildConfiguration;
			buildSettings = {
				ALWAYS_SEARCH_USER_PATHS = NO;
				CLANG_CXX_LANGUAGE_STANDARD = "gnu++0x";
				CLANG_CXX_LIBRARY = "libc++";
				CLANG_ENABLE_OBJC_ARC = YES;
				CLANG_WARN_CONSTANT_CONVERSION = YES;
				CLANG_WARN_EMPTY_BODY = YES;
				CLANG_WARN_ENUM_CONVERSION = YES;
				CLANG_WARN_INT_CONVERSION = YES;
				CLANG_WARN__DUPLICATE_METHOD_MATCH = YES;
				"CODE_SIGN_IDENTITY[sdk=iphoneos*]" = "iPhone Developer";
				COPY_PHASE_STRIP = NO;
				GCC_C_LANGUAGE_STANDARD = gnu99;
				GCC_DYNAMIC_NO_PIC = NO;
				GCC_OPTIMIZATION_LEVEL = 0;
				GCC_PREPROCESSOR_DEFINITIONS = (
					"DEBUG=1",
					"$(inherited)",
				);
				GCC_SYMBOLS_PRIVATE_EXTERN = NO;
				GCC_WARN_ABOUT_RETURN_TYPE = YES;
				GCC_WARN_UNINITIALIZED_AUTOS = YES;
				GCC_WARN_UNUSED_VARIABLE = YES;
				IPHONEOS_DEPLOYMENT_TARGET = 6.1;
				ONLY_ACTIVE_ARCH = YES;
				SDKROOT = iphoneos;
			};
			name = Debug;
		};
		72893578175DA8D900EED04E /* Release */ = {
			isa = XCBuildConfiguration;
			buildSettings = {
				ALWAYS_SEARCH_USER_PATHS = NO;
				CLANG_CXX_LANGUAGE_STANDARD = "gnu++0x";
				CLANG_CXX_LIBRARY = "libc++";
				CLANG_ENABLE_OBJC_ARC = YES;
				CLANG_WARN_CONSTANT_CONVERSION = YES;
				CLANG_WARN_EMPTY_BODY = YES;
				CLANG_WARN_ENUM_CONVERSION = YES;
				CLANG_WARN_INT_CONVERSION = YES;
				CLANG_WARN__DUPLICATE_METHOD_MATCH = YES;
				"CODE_SIGN_IDENTITY[sdk=iphoneos*]" = "iPhone Developer";
				COPY_PHASE_STRIP = YES;
				GCC_C_LANGUAGE_STANDARD = gnu99;
				GCC_WARN_ABOUT_RETURN_TYPE = YES;
				GCC_WARN_UNINITIALIZED_AUTOS = YES;
				GCC_WARN_UNUSED_VARIABLE = YES;
				IPHONEOS_DEPLOYMENT_TARGET = 6.1;
				OTHER_CFLAGS = "-DNS_BLOCK_ASSERTIONS=1";
				SDKROOT = iphoneos;
				VALIDATE_PRODUCT = YES;
			};
			name = Release;
		};
		7289357A175DA8D900EED04E /* Debug */ = {
			isa = XCBuildConfiguration;
			buildSettings = {
				GCC_PRECOMPILE_PREFIX_HEADER = YES;
				GCC_PREFIX_HEADER = "SmartBat/SmartBat-Prefix.pch";
				INFOPLIST_FILE = "SmartBat/SmartBat-Info.plist";
				PRODUCT_NAME = "$(TARGET_NAME)";
				WRAPPER_EXTENSION = app;
			};
			name = Debug;
		};
		7289357B175DA8D900EED04E /* Release */ = {
			isa = XCBuildConfiguration;
			buildSettings = {
				GCC_PRECOMPILE_PREFIX_HEADER = YES;
				GCC_PREFIX_HEADER = "SmartBat/SmartBat-Prefix.pch";
				INFOPLIST_FILE = "SmartBat/SmartBat-Info.plist";
				PRODUCT_NAME = "$(TARGET_NAME)";
				WRAPPER_EXTENSION = app;
			};
			name = Release;
		};
/* End XCBuildConfiguration section */

/* Begin XCConfigurationList section */
		72893551175DA8D900EED04E /* Build configuration list for PBXProject "SmartBat" */ = {
			isa = XCConfigurationList;
			buildConfigurations = (
				72893577175DA8D900EED04E /* Debug */,
				72893578175DA8D900EED04E /* Release */,
			);
			defaultConfigurationIsVisible = 0;
			defaultConfigurationName = Release;
		};
		72893579175DA8D900EED04E /* Build configuration list for PBXNativeTarget "SmartBat" */ = {
			isa = XCConfigurationList;
			buildConfigurations = (
				7289357A175DA8D900EED04E /* Debug */,
				7289357B175DA8D900EED04E /* Release */,
			);
			defaultConfigurationIsVisible = 0;
			defaultConfigurationName = Release;
		};
/* End XCConfigurationList section */

/* Begin XCVersionGroup section */
		725CB58A1760A4780020FC78 /* Model.xcdatamodeld */ = {
			isa = XCVersionGroup;
			children = (
				725CB58B1760A4780020FC78 /* Model.xcdatamodel */,
			);
			currentVersion = 725CB58B1760A4780020FC78 /* Model.xcdatamodel */;
			path = Model.xcdatamodeld;
			sourceTree = "<group>";
			versionGroupType = wrapper.xcdatamodel;
		};
/* End XCVersionGroup section */
	};
	rootObject = 7289354E175DA8D900EED04E /* Project object */;
}
