// !$*UTF8*$!
{
	archiveVersion = 1;
	classes = {
	};
	objectVersion = 46;
	objects = {

/* Begin PBXBuildFile section */
		7232FAF917633ED90097CA34 /* ASIAuthenticationDialog.m in Sources */ = {isa = PBXBuildFile; fileRef = 7232FAE617633ED90097CA34 /* ASIAuthenticationDialog.m */; settings = {COMPILER_FLAGS = "-fno-objc-arc"; }; };
		7232FAFA17633ED90097CA34 /* ASIDataCompressor.m in Sources */ = {isa = PBXBuildFile; fileRef = 7232FAE917633ED90097CA34 /* ASIDataCompressor.m */; settings = {COMPILER_FLAGS = "-fno-objc-arc"; }; };
		7232FAFB17633ED90097CA34 /* ASIDataDecompressor.m in Sources */ = {isa = PBXBuildFile; fileRef = 7232FAEB17633ED90097CA34 /* ASIDataDecompressor.m */; settings = {COMPILER_FLAGS = "-fno-objc-arc"; }; };
		7232FAFC17633ED90097CA34 /* ASIDownloadCache.m in Sources */ = {isa = PBXBuildFile; fileRef = 7232FAED17633ED90097CA34 /* ASIDownloadCache.m */; settings = {COMPILER_FLAGS = "-fno-objc-arc"; }; };
		7232FAFD17633ED90097CA34 /* ASIFormDataRequest.m in Sources */ = {isa = PBXBuildFile; fileRef = 7232FAEF17633ED90097CA34 /* ASIFormDataRequest.m */; settings = {COMPILER_FLAGS = "-fno-objc-arc"; }; };
		7232FAFE17633ED90097CA34 /* ASIHTTPRequest.m in Sources */ = {isa = PBXBuildFile; fileRef = 7232FAF117633ED90097CA34 /* ASIHTTPRequest.m */; settings = {COMPILER_FLAGS = "-fno-objc-arc"; }; };
		7232FAFF17633ED90097CA34 /* ASIInputStream.m in Sources */ = {isa = PBXBuildFile; fileRef = 7232FAF517633ED90097CA34 /* ASIInputStream.m */; settings = {COMPILER_FLAGS = "-fno-objc-arc"; }; };
		7232FB0017633ED90097CA34 /* ASINetworkQueue.m in Sources */ = {isa = PBXBuildFile; fileRef = 7232FAF717633ED90097CA34 /* ASINetworkQueue.m */; settings = {COMPILER_FLAGS = "-fno-objc-arc"; }; };
		7232FB0317633FE40097CA34 /* Reachability.m in Sources */ = {isa = PBXBuildFile; fileRef = 7232FB0217633FE40097CA34 /* Reachability.m */; settings = {COMPILER_FLAGS = "-fno-objc-arc"; }; };
		7232FB05176340020097CA34 /* CFNetwork.framework in Frameworks */ = {isa = PBXBuildFile; fileRef = 7232FB04176340020097CA34 /* CFNetwork.framework */; };
		7232FB07176340310097CA34 /* SystemConfiguration.framework in Frameworks */ = {isa = PBXBuildFile; fileRef = 7232FB06176340300097CA34 /* SystemConfiguration.framework */; };
		7232FB091763403A0097CA34 /* MobileCoreServices.framework in Frameworks */ = {isa = PBXBuildFile; fileRef = 7232FB081763403A0097CA34 /* MobileCoreServices.framework */; };
		7232FB0B1763405A0097CA34 /* libz.1.2.5.dylib in Frameworks */ = {isa = PBXBuildFile; fileRef = 7232FB0A1763405A0097CA34 /* libz.1.2.5.dylib */; };
		725CB5AD1760A5DF0020FC78 /* CoreData.framework in Frameworks */ = {isa = PBXBuildFile; fileRef = 725CB5AC1760A5DF0020FC78 /* CoreData.framework */; };
		7277F30917CDED96001EB9E3 /* fishhook.c in Sources */ = {isa = PBXBuildFile; fileRef = 7277F30717CDED96001EB9E3 /* fishhook.c */; };
		7277F30B17CDEDCF001EB9E3 /* QuietAssertMacros.c in Sources */ = {isa = PBXBuildFile; fileRef = 7277F30A17CDEDCF001EB9E3 /* QuietAssertMacros.c */; };
		727C7F4717E1893200D8FF02 /* main-bg.png in Resources */ = {isa = PBXBuildFile; fileRef = 727C7F4617E1893200D8FF02 /* main-bg.png */; };
		727C7F4917E18FA400D8FF02 /* ask-bg.png in Resources */ = {isa = PBXBuildFile; fileRef = 727C7F4817E18FA400D8FF02 /* ask-bg.png */; };
		727C7F4B17E18FAC00D8FF02 /* news-bg.png in Resources */ = {isa = PBXBuildFile; fileRef = 727C7F4A17E18FAC00D8FF02 /* news-bg.png */; };
		7286D14D18151A2800C6D60B /* BTRawData.m in Sources */ = {isa = PBXBuildFile; fileRef = 7286D14C18151A2800C6D60B /* BTRawData.m */; };
		7289355A175DA8D900EED04E /* UIKit.framework in Frameworks */ = {isa = PBXBuildFile; fileRef = 72893559175DA8D900EED04E /* UIKit.framework */; };
		7289355C175DA8D900EED04E /* Foundation.framework in Frameworks */ = {isa = PBXBuildFile; fileRef = 7289355B175DA8D900EED04E /* Foundation.framework */; };
		7289355E175DA8D900EED04E /* CoreGraphics.framework in Frameworks */ = {isa = PBXBuildFile; fileRef = 7289355D175DA8D900EED04E /* CoreGraphics.framework */; };
		72910FBA17CC7073000F7155 /* BTMainViewController.m in Sources */ = {isa = PBXBuildFile; fileRef = 72910FB917CC7073000F7155 /* BTMainViewController.m */; };
		72910FBD17CC707D000F7155 /* BTAskViewController.m in Sources */ = {isa = PBXBuildFile; fileRef = 72910FBC17CC707D000F7155 /* BTAskViewController.m */; };
		72910FC017CC70A9000F7155 /* BTCommonViewController.m in Sources */ = {isa = PBXBuildFile; fileRef = 72910FBF17CC70A9000F7155 /* BTCommonViewController.m */; };
		72910FC317CC70B2000F7155 /* BTRootViewController.m in Sources */ = {isa = PBXBuildFile; fileRef = 72910FC217CC70B2000F7155 /* BTRootViewController.m */; };
		72910FC617CC70BA000F7155 /* BTSwipeViewController.m in Sources */ = {isa = PBXBuildFile; fileRef = 72910FC517CC70BA000F7155 /* BTSwipeViewController.m */; };
		72910FCB17CC70F1000F7155 /* BTBandViewController.m in Sources */ = {isa = PBXBuildFile; fileRef = 72910FC817CC70F1000F7155 /* BTBandViewController.m */; };
		72910FCC17CC70F1000F7155 /* BTNewsViewController.m in Sources */ = {isa = PBXBuildFile; fileRef = 72910FCA17CC70F1000F7155 /* BTNewsViewController.m */; };
		72910FD117CC7126000F7155 /* BTAppStore.m in Sources */ = {isa = PBXBuildFile; fileRef = 72910FCE17CC7126000F7155 /* BTAppStore.m */; };
		72910FD217CC7126000F7155 /* BTSetupViewController.m in Sources */ = {isa = PBXBuildFile; fileRef = 72910FD017CC7126000F7155 /* BTSetupViewController.m */; };
		72910FD517CC7130000F7155 /* BTSettingsViewController.m in Sources */ = {isa = PBXBuildFile; fileRef = 72910FD417CC7130000F7155 /* BTSettingsViewController.m */; };
		72910FD817CC714C000F7155 /* BTBaseViewController.m in Sources */ = {isa = PBXBuildFile; fileRef = 72910FD717CC714C000F7155 /* BTBaseViewController.m */; };
		72910FDD17CC7182000F7155 /* InfoPlist.strings in Resources */ = {isa = PBXBuildFile; fileRef = 72910FD917CC7182000F7155 /* InfoPlist.strings */; };
		72910FDE17CC7182000F7155 /* Localizable.strings in Resources */ = {isa = PBXBuildFile; fileRef = 72910FDB17CC7182000F7155 /* Localizable.strings */; };
		72910FE517CC72C4000F7155 /* Model.xcdatamodeld in Sources */ = {isa = PBXBuildFile; fileRef = 72910FE317CC72C4000F7155 /* Model.xcdatamodeld */; };
		729BA227180BDC5600C56C89 /* BTUtils.m in Sources */ = {isa = PBXBuildFile; fileRef = 729BA226180BDC5600C56C89 /* BTUtils.m */; };
		72E53E3117CC6302002D2708 /* Health-Info.plist in Resources */ = {isa = PBXBuildFile; fileRef = 72E53E2F17CC6302002D2708 /* Health-Info.plist */; };
		72E53E3317CC630E002D2708 /* main.m in Sources */ = {isa = PBXBuildFile; fileRef = 72E53E3217CC630E002D2708 /* main.m */; };
		72E53E5217CC6334002D2708 /* band-button.png in Resources */ = {isa = PBXBuildFile; fileRef = 72E53E3517CC6334002D2708 /* band-button.png */; };
		72E53E5317CC6334002D2708 /* common-button.png in Resources */ = {isa = PBXBuildFile; fileRef = 72E53E3617CC6334002D2708 /* common-button.png */; };
		72E53E5417CC6334002D2708 /* root-bg.png in Resources */ = {isa = PBXBuildFile; fileRef = 72E53E3717CC6334002D2708 /* root-bg.png */; };
		72E53E5517CC6334002D2708 /* Default-568h@2x.png in Resources */ = {isa = PBXBuildFile; fileRef = 72E53E3817CC6334002D2708 /* Default-568h@2x.png */; };
		72E53E5617CC6334002D2708 /* Default.png in Resources */ = {isa = PBXBuildFile; fileRef = 72E53E3917CC6334002D2708 /* Default.png */; };
		72E53E5717CC6334002D2708 /* Default@2x.png in Resources */ = {isa = PBXBuildFile; fileRef = 72E53E3A17CC6334002D2708 /* Default@2x.png */; };
		72E53E5817CC6334002D2708 /* Icon-full_04.png in Resources */ = {isa = PBXBuildFile; fileRef = 72E53E3B17CC6334002D2708 /* Icon-full_04.png */; };
		72E53E5917CC6334002D2708 /* Icon.png in Resources */ = {isa = PBXBuildFile; fileRef = 72E53E3C17CC6334002D2708 /* Icon.png */; };
		72E53E5A17CC6334002D2708 /* Icon@2x.png in Resources */ = {isa = PBXBuildFile; fileRef = 72E53E3D17CC6334002D2708 /* Icon@2x.png */; };
		72E53E5B17CC6334002D2708 /* 22.png in Resources */ = {isa = PBXBuildFile; fileRef = 72E53E3E17CC6334002D2708 /* 22.png */; };
		72E53E5C17CC6334002D2708 /* 29.png in Resources */ = {isa = PBXBuildFile; fileRef = 72E53E3F17CC6334002D2708 /* 29.png */; };
		72E53E5D17CC6334002D2708 /* 29@2x.png in Resources */ = {isa = PBXBuildFile; fileRef = 72E53E4017CC6334002D2708 /* 29@2x.png */; };
		72E53E5E17CC6334002D2708 /* 30.png in Resources */ = {isa = PBXBuildFile; fileRef = 72E53E4117CC6334002D2708 /* 30.png */; };
		72E53E5F17CC6334002D2708 /* 40.png in Resources */ = {isa = PBXBuildFile; fileRef = 72E53E4217CC6334002D2708 /* 40.png */; };
		72E53E6017CC6334002D2708 /* 44.png in Resources */ = {isa = PBXBuildFile; fileRef = 72E53E4317CC6334002D2708 /* 44.png */; };
		72E53E6117CC6334002D2708 /* 50.png in Resources */ = {isa = PBXBuildFile; fileRef = 72E53E4417CC6334002D2708 /* 50.png */; };
		72E53E6217CC6334002D2708 /* 57.png in Resources */ = {isa = PBXBuildFile; fileRef = 72E53E4517CC6334002D2708 /* 57.png */; };
		72E53E6317CC6334002D2708 /* 57@2x.png in Resources */ = {isa = PBXBuildFile; fileRef = 72E53E4617CC6334002D2708 /* 57@2x.png */; };
		72E53E6417CC6334002D2708 /* 60.png in Resources */ = {isa = PBXBuildFile; fileRef = 72E53E4717CC6334002D2708 /* 60.png */; };
		72E53E6517CC6334002D2708 /* 72.png in Resources */ = {isa = PBXBuildFile; fileRef = 72E53E4817CC6334002D2708 /* 72.png */; };
		72E53E6617CC6334002D2708 /* 80.png in Resources */ = {isa = PBXBuildFile; fileRef = 72E53E4917CC6334002D2708 /* 80.png */; };
		72E53E6717CC6334002D2708 /* 100.png in Resources */ = {isa = PBXBuildFile; fileRef = 72E53E4A17CC6334002D2708 /* 100.png */; };
		72E53E6817CC6334002D2708 /* 120.png in Resources */ = {isa = PBXBuildFile; fileRef = 72E53E4B17CC6334002D2708 /* 120.png */; };
		72E53E6917CC6334002D2708 /* 144.png in Resources */ = {isa = PBXBuildFile; fileRef = 72E53E4C17CC6334002D2708 /* 144.png */; };
		72E53E6A17CC6334002D2708 /* 480.png in Resources */ = {isa = PBXBuildFile; fileRef = 72E53E4D17CC6334002D2708 /* 480.png */; };
		72E53E6B17CC6334002D2708 /* 512.png in Resources */ = {isa = PBXBuildFile; fileRef = 72E53E4E17CC6334002D2708 /* 512.png */; };
		72E53E6C17CC6334002D2708 /* 960.png in Resources */ = {isa = PBXBuildFile; fileRef = 72E53E4F17CC6334002D2708 /* 960.png */; };
		72E53E6D17CC6334002D2708 /* 1024.png in Resources */ = {isa = PBXBuildFile; fileRef = 72E53E5017CC6334002D2708 /* 1024.png */; };
		72E53E6E17CC6334002D2708 /* 1136.png in Resources */ = {isa = PBXBuildFile; fileRef = 72E53E5117CC6334002D2708 /* 1136.png */; };
		72EE455A17CC4C8600751F8A /* BTEntity.m in Sources */ = {isa = PBXBuildFile; fileRef = 72EE455917CC4C8600751F8A /* BTEntity.m */; };
		72EE455D17CC61FA00751F8A /* BTAppDelegate.m in Sources */ = {isa = PBXBuildFile; fileRef = 72EE455C17CC61FA00751F8A /* BTAppDelegate.m */; };
		72EE456217CC626F00751F8A /* BTBandCentral.m in Sources */ = {isa = PBXBuildFile; fileRef = 72EE455F17CC626F00751F8A /* BTBandCentral.m */; };
		72EE456317CC626F00751F8A /* BTBandPeripheral.m in Sources */ = {isa = PBXBuildFile; fileRef = 72EE456117CC626F00751F8A /* BTBandPeripheral.m */; };
		72EE456617CC628700751F8A /* BTGlobals.m in Sources */ = {isa = PBXBuildFile; fileRef = 72EE456517CC628700751F8A /* BTGlobals.m */; };
		72EE456917CC629000751F8A /* BTConstants.m in Sources */ = {isa = PBXBuildFile; fileRef = 72EE456817CC629000751F8A /* BTConstants.m */; };
		72F044E41785815F0056AA63 /* BTBleList.m in Sources */ = {isa = PBXBuildFile; fileRef = 72F044E21785815F0056AA63 /* BTBleList.m */; };
		72F5537B1768AA4A00615B61 /* CoreBluetooth.framework in Frameworks */ = {isa = PBXBuildFile; fileRef = 72F5537A1768AA4A00615B61 /* CoreBluetooth.framework */; };
		F450FF5117E84BB6005AB96C /* MainStoryboard.storyboard in Resources */ = {isa = PBXBuildFile; fileRef = F450FF4F17E84BB6005AB96C /* MainStoryboard.storyboard */; };
		F48E95A117E84D7600EBCDB0 /* BTHistogram.m in Sources */ = {isa = PBXBuildFile; fileRef = F48E95A017E84D7600EBCDB0 /* BTHistogram.m */; };
		F49E6D16175F3D5A00E2EDCB /* AudioToolbox.framework in Frameworks */ = {isa = PBXBuildFile; fileRef = F49E6D15175F3D5A00E2EDCB /* AudioToolbox.framework */; };
		F49E6D1E175F787E00E2EDCB /* QuartzCore.framework in Frameworks */ = {isa = PBXBuildFile; fileRef = F49E6D1D175F787E00E2EDCB /* QuartzCore.framework */; };
		F49E6D20175F78A800E2EDCB /* AVFoundation.framework in Frameworks */ = {isa = PBXBuildFile; fileRef = F49E6D1F175F78A800E2EDCB /* AVFoundation.framework */; };
		F4CE3D8817630E0C00F314D8 /* Accelerate.framework in Frameworks */ = {isa = PBXBuildFile; fileRef = F4CE3D8717630E0C00F314D8 /* Accelerate.framework */; };
		F4CE3DEC1764B80E00F314D8 /* OpenAL.framework in Frameworks */ = {isa = PBXBuildFile; fileRef = F4CE3DEB1764B80D00F314D8 /* OpenAL.framework */; };
/* End PBXBuildFile section */

/* Begin PBXFileReference section */
		7232FAE517633ED90097CA34 /* ASIAuthenticationDialog.h */ = {isa = PBXFileReference; fileEncoding = 4; lastKnownFileType = sourcecode.c.h; path = ASIAuthenticationDialog.h; sourceTree = "<group>"; };
		7232FAE617633ED90097CA34 /* ASIAuthenticationDialog.m */ = {isa = PBXFileReference; fileEncoding = 4; lastKnownFileType = sourcecode.c.objc; path = ASIAuthenticationDialog.m; sourceTree = "<group>"; };
		7232FAE717633ED90097CA34 /* ASICacheDelegate.h */ = {isa = PBXFileReference; fileEncoding = 4; lastKnownFileType = sourcecode.c.h; path = ASICacheDelegate.h; sourceTree = "<group>"; };
		7232FAE817633ED90097CA34 /* ASIDataCompressor.h */ = {isa = PBXFileReference; fileEncoding = 4; lastKnownFileType = sourcecode.c.h; path = ASIDataCompressor.h; sourceTree = "<group>"; };
		7232FAE917633ED90097CA34 /* ASIDataCompressor.m */ = {isa = PBXFileReference; fileEncoding = 4; lastKnownFileType = sourcecode.c.objc; path = ASIDataCompressor.m; sourceTree = "<group>"; };
		7232FAEA17633ED90097CA34 /* ASIDataDecompressor.h */ = {isa = PBXFileReference; fileEncoding = 4; lastKnownFileType = sourcecode.c.h; path = ASIDataDecompressor.h; sourceTree = "<group>"; };
		7232FAEB17633ED90097CA34 /* ASIDataDecompressor.m */ = {isa = PBXFileReference; fileEncoding = 4; lastKnownFileType = sourcecode.c.objc; path = ASIDataDecompressor.m; sourceTree = "<group>"; };
		7232FAEC17633ED90097CA34 /* ASIDownloadCache.h */ = {isa = PBXFileReference; fileEncoding = 4; lastKnownFileType = sourcecode.c.h; path = ASIDownloadCache.h; sourceTree = "<group>"; };
		7232FAED17633ED90097CA34 /* ASIDownloadCache.m */ = {isa = PBXFileReference; fileEncoding = 4; lastKnownFileType = sourcecode.c.objc; path = ASIDownloadCache.m; sourceTree = "<group>"; };
		7232FAEE17633ED90097CA34 /* ASIFormDataRequest.h */ = {isa = PBXFileReference; fileEncoding = 4; lastKnownFileType = sourcecode.c.h; path = ASIFormDataRequest.h; sourceTree = "<group>"; };
		7232FAEF17633ED90097CA34 /* ASIFormDataRequest.m */ = {isa = PBXFileReference; fileEncoding = 4; lastKnownFileType = sourcecode.c.objc; path = ASIFormDataRequest.m; sourceTree = "<group>"; };
		7232FAF017633ED90097CA34 /* ASIHTTPRequest.h */ = {isa = PBXFileReference; fileEncoding = 4; lastKnownFileType = sourcecode.c.h; path = ASIHTTPRequest.h; sourceTree = "<group>"; };
		7232FAF117633ED90097CA34 /* ASIHTTPRequest.m */ = {isa = PBXFileReference; fileEncoding = 4; lastKnownFileType = sourcecode.c.objc; path = ASIHTTPRequest.m; sourceTree = "<group>"; };
		7232FAF217633ED90097CA34 /* ASIHTTPRequestConfig.h */ = {isa = PBXFileReference; fileEncoding = 4; lastKnownFileType = sourcecode.c.h; path = ASIHTTPRequestConfig.h; sourceTree = "<group>"; };
		7232FAF317633ED90097CA34 /* ASIHTTPRequestDelegate.h */ = {isa = PBXFileReference; fileEncoding = 4; lastKnownFileType = sourcecode.c.h; path = ASIHTTPRequestDelegate.h; sourceTree = "<group>"; };
		7232FAF417633ED90097CA34 /* ASIInputStream.h */ = {isa = PBXFileReference; fileEncoding = 4; lastKnownFileType = sourcecode.c.h; path = ASIInputStream.h; sourceTree = "<group>"; };
		7232FAF517633ED90097CA34 /* ASIInputStream.m */ = {isa = PBXFileReference; fileEncoding = 4; lastKnownFileType = sourcecode.c.objc; path = ASIInputStream.m; sourceTree = "<group>"; };
		7232FAF617633ED90097CA34 /* ASINetworkQueue.h */ = {isa = PBXFileReference; fileEncoding = 4; lastKnownFileType = sourcecode.c.h; path = ASINetworkQueue.h; sourceTree = "<group>"; };
		7232FAF717633ED90097CA34 /* ASINetworkQueue.m */ = {isa = PBXFileReference; fileEncoding = 4; lastKnownFileType = sourcecode.c.objc; path = ASINetworkQueue.m; sourceTree = "<group>"; };
		7232FAF817633ED90097CA34 /* ASIProgressDelegate.h */ = {isa = PBXFileReference; fileEncoding = 4; lastKnownFileType = sourcecode.c.h; path = ASIProgressDelegate.h; sourceTree = "<group>"; };
		7232FB0117633FE30097CA34 /* Reachability.h */ = {isa = PBXFileReference; fileEncoding = 4; lastKnownFileType = sourcecode.c.h; path = Reachability.h; sourceTree = "<group>"; };
		7232FB0217633FE40097CA34 /* Reachability.m */ = {isa = PBXFileReference; fileEncoding = 4; lastKnownFileType = sourcecode.c.objc; path = Reachability.m; sourceTree = "<group>"; };
		7232FB04176340020097CA34 /* CFNetwork.framework */ = {isa = PBXFileReference; lastKnownFileType = wrapper.framework; name = CFNetwork.framework; path = System/Library/Frameworks/CFNetwork.framework; sourceTree = SDKROOT; };
		7232FB06176340300097CA34 /* SystemConfiguration.framework */ = {isa = PBXFileReference; lastKnownFileType = wrapper.framework; name = SystemConfiguration.framework; path = System/Library/Frameworks/SystemConfiguration.framework; sourceTree = SDKROOT; };
		7232FB081763403A0097CA34 /* MobileCoreServices.framework */ = {isa = PBXFileReference; lastKnownFileType = wrapper.framework; name = MobileCoreServices.framework; path = System/Library/Frameworks/MobileCoreServices.framework; sourceTree = SDKROOT; };
		7232FB0A1763405A0097CA34 /* libz.1.2.5.dylib */ = {isa = PBXFileReference; lastKnownFileType = "compiled.mach-o.dylib"; name = libz.1.2.5.dylib; path = usr/lib/libz.1.2.5.dylib; sourceTree = SDKROOT; };
		725CB5AC1760A5DF0020FC78 /* CoreData.framework */ = {isa = PBXFileReference; lastKnownFileType = wrapper.framework; name = CoreData.framework; path = System/Library/Frameworks/CoreData.framework; sourceTree = SDKROOT; };
		7277F30717CDED96001EB9E3 /* fishhook.c */ = {isa = PBXFileReference; fileEncoding = 4; lastKnownFileType = sourcecode.c.c; path = fishhook.c; sourceTree = "<group>"; };
		7277F30817CDED96001EB9E3 /* fishhook.h */ = {isa = PBXFileReference; fileEncoding = 4; lastKnownFileType = sourcecode.c.h; path = fishhook.h; sourceTree = "<group>"; };
		7277F30A17CDEDCF001EB9E3 /* QuietAssertMacros.c */ = {isa = PBXFileReference; fileEncoding = 4; lastKnownFileType = sourcecode.c.c; path = QuietAssertMacros.c; sourceTree = "<group>"; };
		727C7F4617E1893200D8FF02 /* main-bg.png */ = {isa = PBXFileReference; lastKnownFileType = image.png; path = "main-bg.png"; sourceTree = SOURCE_ROOT; };
		727C7F4817E18FA400D8FF02 /* ask-bg.png */ = {isa = PBXFileReference; lastKnownFileType = image.png; path = "ask-bg.png"; sourceTree = SOURCE_ROOT; };
		727C7F4A17E18FAC00D8FF02 /* news-bg.png */ = {isa = PBXFileReference; lastKnownFileType = image.png; path = "news-bg.png"; sourceTree = SOURCE_ROOT; };
		7286D14B18151A2800C6D60B /* BTRawData.h */ = {isa = PBXFileReference; fileEncoding = 4; lastKnownFileType = sourcecode.c.h; path = BTRawData.h; sourceTree = "<group>"; };
		7286D14C18151A2800C6D60B /* BTRawData.m */ = {isa = PBXFileReference; fileEncoding = 4; lastKnownFileType = sourcecode.c.objc; path = BTRawData.m; sourceTree = "<group>"; };
		72893556175DA8D900EED04E /* Health.app */ = {isa = PBXFileReference; explicitFileType = wrapper.application; includeInIndex = 0; path = Health.app; sourceTree = BUILT_PRODUCTS_DIR; };
		72893559175DA8D900EED04E /* UIKit.framework */ = {isa = PBXFileReference; lastKnownFileType = wrapper.framework; name = UIKit.framework; path = System/Library/Frameworks/UIKit.framework; sourceTree = SDKROOT; };
		7289355B175DA8D900EED04E /* Foundation.framework */ = {isa = PBXFileReference; lastKnownFileType = wrapper.framework; name = Foundation.framework; path = System/Library/Frameworks/Foundation.framework; sourceTree = SDKROOT; };
		7289355D175DA8D900EED04E /* CoreGraphics.framework */ = {isa = PBXFileReference; lastKnownFileType = wrapper.framework; name = CoreGraphics.framework; path = System/Library/Frameworks/CoreGraphics.framework; sourceTree = SDKROOT; };
		72910FB817CC7073000F7155 /* BTMainViewController.h */ = {isa = PBXFileReference; fileEncoding = 4; lastKnownFileType = sourcecode.c.h; path = BTMainViewController.h; sourceTree = SOURCE_ROOT; };
		72910FB917CC7073000F7155 /* BTMainViewController.m */ = {isa = PBXFileReference; fileEncoding = 4; lastKnownFileType = sourcecode.c.objc; path = BTMainViewController.m; sourceTree = SOURCE_ROOT; };
		72910FBB17CC707D000F7155 /* BTAskViewController.h */ = {isa = PBXFileReference; fileEncoding = 4; lastKnownFileType = sourcecode.c.h; path = BTAskViewController.h; sourceTree = SOURCE_ROOT; };
		72910FBC17CC707D000F7155 /* BTAskViewController.m */ = {isa = PBXFileReference; fileEncoding = 4; lastKnownFileType = sourcecode.c.objc; path = BTAskViewController.m; sourceTree = SOURCE_ROOT; };
		72910FBE17CC70A9000F7155 /* BTCommonViewController.h */ = {isa = PBXFileReference; fileEncoding = 4; lastKnownFileType = sourcecode.c.h; path = BTCommonViewController.h; sourceTree = SOURCE_ROOT; };
		72910FBF17CC70A9000F7155 /* BTCommonViewController.m */ = {isa = PBXFileReference; fileEncoding = 4; lastKnownFileType = sourcecode.c.objc; path = BTCommonViewController.m; sourceTree = SOURCE_ROOT; };
		72910FC117CC70B2000F7155 /* BTRootViewController.h */ = {isa = PBXFileReference; fileEncoding = 4; lastKnownFileType = sourcecode.c.h; path = BTRootViewController.h; sourceTree = SOURCE_ROOT; };
		72910FC217CC70B2000F7155 /* BTRootViewController.m */ = {isa = PBXFileReference; fileEncoding = 4; lastKnownFileType = sourcecode.c.objc; path = BTRootViewController.m; sourceTree = SOURCE_ROOT; };
		72910FC417CC70BA000F7155 /* BTSwipeViewController.h */ = {isa = PBXFileReference; fileEncoding = 4; lastKnownFileType = sourcecode.c.h; path = BTSwipeViewController.h; sourceTree = SOURCE_ROOT; };
		72910FC517CC70BA000F7155 /* BTSwipeViewController.m */ = {isa = PBXFileReference; fileEncoding = 4; lastKnownFileType = sourcecode.c.objc; path = BTSwipeViewController.m; sourceTree = SOURCE_ROOT; };
		72910FC717CC70F1000F7155 /* BTBandViewController.h */ = {isa = PBXFileReference; fileEncoding = 4; lastKnownFileType = sourcecode.c.h; path = BTBandViewController.h; sourceTree = SOURCE_ROOT; };
		72910FC817CC70F1000F7155 /* BTBandViewController.m */ = {isa = PBXFileReference; fileEncoding = 4; lastKnownFileType = sourcecode.c.objc; path = BTBandViewController.m; sourceTree = SOURCE_ROOT; };
		72910FC917CC70F1000F7155 /* BTNewsViewController.h */ = {isa = PBXFileReference; fileEncoding = 4; lastKnownFileType = sourcecode.c.h; path = BTNewsViewController.h; sourceTree = SOURCE_ROOT; };
		72910FCA17CC70F1000F7155 /* BTNewsViewController.m */ = {isa = PBXFileReference; fileEncoding = 4; lastKnownFileType = sourcecode.c.objc; path = BTNewsViewController.m; sourceTree = SOURCE_ROOT; };
		72910FCD17CC7126000F7155 /* BTAppStore.h */ = {isa = PBXFileReference; fileEncoding = 4; lastKnownFileType = sourcecode.c.h; path = BTAppStore.h; sourceTree = SOURCE_ROOT; };
		72910FCE17CC7126000F7155 /* BTAppStore.m */ = {isa = PBXFileReference; fileEncoding = 4; lastKnownFileType = sourcecode.c.objc; path = BTAppStore.m; sourceTree = SOURCE_ROOT; };
		72910FCF17CC7126000F7155 /* BTSetupViewController.h */ = {isa = PBXFileReference; fileEncoding = 4; lastKnownFileType = sourcecode.c.h; path = BTSetupViewController.h; sourceTree = SOURCE_ROOT; };
		72910FD017CC7126000F7155 /* BTSetupViewController.m */ = {isa = PBXFileReference; fileEncoding = 4; lastKnownFileType = sourcecode.c.objc; path = BTSetupViewController.m; sourceTree = SOURCE_ROOT; };
		72910FD317CC7130000F7155 /* BTSettingsViewController.h */ = {isa = PBXFileReference; fileEncoding = 4; lastKnownFileType = sourcecode.c.h; path = BTSettingsViewController.h; sourceTree = SOURCE_ROOT; };
		72910FD417CC7130000F7155 /* BTSettingsViewController.m */ = {isa = PBXFileReference; fileEncoding = 4; lastKnownFileType = sourcecode.c.objc; path = BTSettingsViewController.m; sourceTree = SOURCE_ROOT; };
		72910FD617CC714C000F7155 /* BTBaseViewController.h */ = {isa = PBXFileReference; fileEncoding = 4; lastKnownFileType = sourcecode.c.h; path = BTBaseViewController.h; sourceTree = SOURCE_ROOT; };
		72910FD717CC714C000F7155 /* BTBaseViewController.m */ = {isa = PBXFileReference; fileEncoding = 4; lastKnownFileType = sourcecode.c.objc; path = BTBaseViewController.m; sourceTree = SOURCE_ROOT; };
		72910FDA17CC7182000F7155 /* en */ = {isa = PBXFileReference; lastKnownFileType = text.plist.strings; name = en; path = en.lproj/InfoPlist.strings; sourceTree = SOURCE_ROOT; };
		72910FDC17CC7182000F7155 /* en */ = {isa = PBXFileReference; lastKnownFileType = text.plist.strings; name = en; path = en.lproj/Localizable.strings; sourceTree = SOURCE_ROOT; };
		72910FDF17CC719C000F7155 /* zh-Hans */ = {isa = PBXFileReference; lastKnownFileType = text.plist.strings; name = "zh-Hans"; path = "zh-Hans.lproj/InfoPlist.strings"; sourceTree = SOURCE_ROOT; };
		72910FE017CC719C000F7155 /* zh-Hans */ = {isa = PBXFileReference; lastKnownFileType = text.plist.strings; name = "zh-Hans"; path = "zh-Hans.lproj/Localizable.strings"; sourceTree = SOURCE_ROOT; };
		72910FE117CC71A4000F7155 /* zh-Hant */ = {isa = PBXFileReference; lastKnownFileType = text.plist.strings; name = "zh-Hant"; path = "zh-Hant.lproj/InfoPlist.strings"; sourceTree = SOURCE_ROOT; };
		72910FE217CC71A4000F7155 /* zh-Hant */ = {isa = PBXFileReference; lastKnownFileType = text.plist.strings; name = "zh-Hant"; path = "zh-Hant.lproj/Localizable.strings"; sourceTree = SOURCE_ROOT; };
		72910FE417CC72C4000F7155 /* Model.xcdatamodel */ = {isa = PBXFileReference; lastKnownFileType = wrapper.xcdatamodel; path = Model.xcdatamodel; sourceTree = "<group>"; };
		729BA225180BDC5600C56C89 /* BTUtils.h */ = {isa = PBXFileReference; fileEncoding = 4; lastKnownFileType = sourcecode.c.h; path = BTUtils.h; sourceTree = SOURCE_ROOT; };
		729BA226180BDC5600C56C89 /* BTUtils.m */ = {isa = PBXFileReference; fileEncoding = 4; lastKnownFileType = sourcecode.c.objc; path = BTUtils.m; sourceTree = SOURCE_ROOT; };
		72E53E2F17CC6302002D2708 /* Health-Info.plist */ = {isa = PBXFileReference; fileEncoding = 4; lastKnownFileType = text.plist.xml; path = "Health-Info.plist"; sourceTree = SOURCE_ROOT; };
		72E53E3017CC6302002D2708 /* Health-Prefix.pch */ = {isa = PBXFileReference; fileEncoding = 4; lastKnownFileType = sourcecode.c.h; path = "Health-Prefix.pch"; sourceTree = SOURCE_ROOT; };
		72E53E3217CC630E002D2708 /* main.m */ = {isa = PBXFileReference; fileEncoding = 4; lastKnownFileType = sourcecode.c.objc; path = main.m; sourceTree = SOURCE_ROOT; };
		72E53E3417CC6317002D2708 /* iTunesArtwork */ = {isa = PBXFileReference; lastKnownFileType = file; path = iTunesArtwork; sourceTree = SOURCE_ROOT; };
		72E53E3517CC6334002D2708 /* band-button.png */ = {isa = PBXFileReference; lastKnownFileType = image.png; path = "band-button.png"; sourceTree = SOURCE_ROOT; };
		72E53E3617CC6334002D2708 /* common-button.png */ = {isa = PBXFileReference; lastKnownFileType = image.png; path = "common-button.png"; sourceTree = SOURCE_ROOT; };
		72E53E3717CC6334002D2708 /* root-bg.png */ = {isa = PBXFileReference; lastKnownFileType = image.png; path = "root-bg.png"; sourceTree = SOURCE_ROOT; };
		72E53E3817CC6334002D2708 /* Default-568h@2x.png */ = {isa = PBXFileReference; lastKnownFileType = image.png; path = "Default-568h@2x.png"; sourceTree = SOURCE_ROOT; };
		72E53E3917CC6334002D2708 /* Default.png */ = {isa = PBXFileReference; lastKnownFileType = image.png; path = Default.png; sourceTree = SOURCE_ROOT; };
		72E53E3A17CC6334002D2708 /* Default@2x.png */ = {isa = PBXFileReference; lastKnownFileType = image.png; path = "Default@2x.png"; sourceTree = SOURCE_ROOT; };
		72E53E3B17CC6334002D2708 /* Icon-full_04.png */ = {isa = PBXFileReference; lastKnownFileType = image.png; path = "Icon-full_04.png"; sourceTree = SOURCE_ROOT; };
		72E53E3C17CC6334002D2708 /* Icon.png */ = {isa = PBXFileReference; lastKnownFileType = image.png; path = Icon.png; sourceTree = SOURCE_ROOT; };
		72E53E3D17CC6334002D2708 /* Icon@2x.png */ = {isa = PBXFileReference; lastKnownFileType = image.png; path = "Icon@2x.png"; sourceTree = SOURCE_ROOT; };
		72E53E3E17CC6334002D2708 /* 22.png */ = {isa = PBXFileReference; lastKnownFileType = image.png; path = 22.png; sourceTree = SOURCE_ROOT; };
		72E53E3F17CC6334002D2708 /* 29.png */ = {isa = PBXFileReference; lastKnownFileType = image.png; path = 29.png; sourceTree = SOURCE_ROOT; };
		72E53E4017CC6334002D2708 /* 29@2x.png */ = {isa = PBXFileReference; lastKnownFileType = image.png; path = "29@2x.png"; sourceTree = SOURCE_ROOT; };
		72E53E4117CC6334002D2708 /* 30.png */ = {isa = PBXFileReference; lastKnownFileType = image.png; path = 30.png; sourceTree = SOURCE_ROOT; };
		72E53E4217CC6334002D2708 /* 40.png */ = {isa = PBXFileReference; lastKnownFileType = image.png; path = 40.png; sourceTree = SOURCE_ROOT; };
		72E53E4317CC6334002D2708 /* 44.png */ = {isa = PBXFileReference; lastKnownFileType = image.png; path = 44.png; sourceTree = SOURCE_ROOT; };
		72E53E4417CC6334002D2708 /* 50.png */ = {isa = PBXFileReference; lastKnownFileType = image.png; path = 50.png; sourceTree = SOURCE_ROOT; };
		72E53E4517CC6334002D2708 /* 57.png */ = {isa = PBXFileReference; lastKnownFileType = image.png; path = 57.png; sourceTree = SOURCE_ROOT; };
		72E53E4617CC6334002D2708 /* 57@2x.png */ = {isa = PBXFileReference; lastKnownFileType = image.png; path = "57@2x.png"; sourceTree = SOURCE_ROOT; };
		72E53E4717CC6334002D2708 /* 60.png */ = {isa = PBXFileReference; lastKnownFileType = image.png; path = 60.png; sourceTree = SOURCE_ROOT; };
		72E53E4817CC6334002D2708 /* 72.png */ = {isa = PBXFileReference; lastKnownFileType = image.png; path = 72.png; sourceTree = SOURCE_ROOT; };
		72E53E4917CC6334002D2708 /* 80.png */ = {isa = PBXFileReference; lastKnownFileType = image.png; path = 80.png; sourceTree = SOURCE_ROOT; };
		72E53E4A17CC6334002D2708 /* 100.png */ = {isa = PBXFileReference; lastKnownFileType = image.png; path = 100.png; sourceTree = SOURCE_ROOT; };
		72E53E4B17CC6334002D2708 /* 120.png */ = {isa = PBXFileReference; lastKnownFileType = image.png; path = 120.png; sourceTree = SOURCE_ROOT; };
		72E53E4C17CC6334002D2708 /* 144.png */ = {isa = PBXFileReference; lastKnownFileType = image.png; path = 144.png; sourceTree = SOURCE_ROOT; };
		72E53E4D17CC6334002D2708 /* 480.png */ = {isa = PBXFileReference; lastKnownFileType = image.png; path = 480.png; sourceTree = SOURCE_ROOT; };
		72E53E4E17CC6334002D2708 /* 512.png */ = {isa = PBXFileReference; lastKnownFileType = image.png; path = 512.png; sourceTree = SOURCE_ROOT; };
		72E53E4F17CC6334002D2708 /* 960.png */ = {isa = PBXFileReference; lastKnownFileType = image.png; path = 960.png; sourceTree = SOURCE_ROOT; };
		72E53E5017CC6334002D2708 /* 1024.png */ = {isa = PBXFileReference; lastKnownFileType = image.png; path = 1024.png; sourceTree = SOURCE_ROOT; };
		72E53E5117CC6334002D2708 /* 1136.png */ = {isa = PBXFileReference; lastKnownFileType = image.png; path = 1136.png; sourceTree = SOURCE_ROOT; };
		72EE455817CC4C8600751F8A /* BTEntity.h */ = {isa = PBXFileReference; fileEncoding = 4; lastKnownFileType = sourcecode.c.h; path = BTEntity.h; sourceTree = "<group>"; };
		72EE455917CC4C8600751F8A /* BTEntity.m */ = {isa = PBXFileReference; fileEncoding = 4; lastKnownFileType = sourcecode.c.objc; path = BTEntity.m; sourceTree = "<group>"; };
		72EE455B17CC61FA00751F8A /* BTAppDelegate.h */ = {isa = PBXFileReference; fileEncoding = 4; lastKnownFileType = sourcecode.c.h; path = BTAppDelegate.h; sourceTree = SOURCE_ROOT; };
		72EE455C17CC61FA00751F8A /* BTAppDelegate.m */ = {isa = PBXFileReference; fileEncoding = 4; lastKnownFileType = sourcecode.c.objc; path = BTAppDelegate.m; sourceTree = SOURCE_ROOT; };
		72EE455E17CC626F00751F8A /* BTBandCentral.h */ = {isa = PBXFileReference; fileEncoding = 4; lastKnownFileType = sourcecode.c.h; path = BTBandCentral.h; sourceTree = SOURCE_ROOT; };
		72EE455F17CC626F00751F8A /* BTBandCentral.m */ = {isa = PBXFileReference; fileEncoding = 4; lastKnownFileType = sourcecode.c.objc; path = BTBandCentral.m; sourceTree = SOURCE_ROOT; };
		72EE456017CC626F00751F8A /* BTBandPeripheral.h */ = {isa = PBXFileReference; fileEncoding = 4; lastKnownFileType = sourcecode.c.h; path = BTBandPeripheral.h; sourceTree = SOURCE_ROOT; };
		72EE456117CC626F00751F8A /* BTBandPeripheral.m */ = {isa = PBXFileReference; fileEncoding = 4; lastKnownFileType = sourcecode.c.objc; path = BTBandPeripheral.m; sourceTree = SOURCE_ROOT; };
		72EE456417CC628700751F8A /* BTGlobals.h */ = {isa = PBXFileReference; fileEncoding = 4; lastKnownFileType = sourcecode.c.h; path = BTGlobals.h; sourceTree = SOURCE_ROOT; };
		72EE456517CC628700751F8A /* BTGlobals.m */ = {isa = PBXFileReference; fileEncoding = 4; lastKnownFileType = sourcecode.c.objc; path = BTGlobals.m; sourceTree = SOURCE_ROOT; };
		72EE456717CC629000751F8A /* BTConstants.h */ = {isa = PBXFileReference; fileEncoding = 4; lastKnownFileType = sourcecode.c.h; path = BTConstants.h; sourceTree = SOURCE_ROOT; };
		72EE456817CC629000751F8A /* BTConstants.m */ = {isa = PBXFileReference; fileEncoding = 4; lastKnownFileType = sourcecode.c.objc; path = BTConstants.m; sourceTree = SOURCE_ROOT; };
		72F044E11785815F0056AA63 /* BTBleList.h */ = {isa = PBXFileReference; fileEncoding = 4; lastKnownFileType = sourcecode.c.h; path = BTBleList.h; sourceTree = "<group>"; };
		72F044E21785815F0056AA63 /* BTBleList.m */ = {isa = PBXFileReference; fileEncoding = 4; lastKnownFileType = sourcecode.c.objc; path = BTBleList.m; sourceTree = "<group>"; };
		72F5537A1768AA4A00615B61 /* CoreBluetooth.framework */ = {isa = PBXFileReference; lastKnownFileType = wrapper.framework; name = CoreBluetooth.framework; path = System/Library/Frameworks/CoreBluetooth.framework; sourceTree = SDKROOT; };
		F450FF5017E84BB6005AB96C /* en */ = {isa = PBXFileReference; lastKnownFileType = file.storyboard; name = en; path = en.lproj/MainStoryboard.storyboard; sourceTree = SOURCE_ROOT; };
		F48E959F17E84D7600EBCDB0 /* BTHistogram.h */ = {isa = PBXFileReference; fileEncoding = 4; lastKnownFileType = sourcecode.c.h; path = BTHistogram.h; sourceTree = SOURCE_ROOT; };
		F48E95A017E84D7600EBCDB0 /* BTHistogram.m */ = {isa = PBXFileReference; fileEncoding = 4; lastKnownFileType = sourcecode.c.objc; path = BTHistogram.m; sourceTree = SOURCE_ROOT; };
		F49E6D15175F3D5A00E2EDCB /* AudioToolbox.framework */ = {isa = PBXFileReference; lastKnownFileType = wrapper.framework; name = AudioToolbox.framework; path = System/Library/Frameworks/AudioToolbox.framework; sourceTree = SDKROOT; };
		F49E6D1D175F787E00E2EDCB /* QuartzCore.framework */ = {isa = PBXFileReference; lastKnownFileType = wrapper.framework; name = QuartzCore.framework; path = System/Library/Frameworks/QuartzCore.framework; sourceTree = SDKROOT; };
		F49E6D1F175F78A800E2EDCB /* AVFoundation.framework */ = {isa = PBXFileReference; lastKnownFileType = wrapper.framework; name = AVFoundation.framework; path = System/Library/Frameworks/AVFoundation.framework; sourceTree = SDKROOT; };
		F4CE3D8717630E0C00F314D8 /* Accelerate.framework */ = {isa = PBXFileReference; lastKnownFileType = wrapper.framework; name = Accelerate.framework; path = System/Library/Frameworks/Accelerate.framework; sourceTree = SDKROOT; };
		F4CE3DEB1764B80D00F314D8 /* OpenAL.framework */ = {isa = PBXFileReference; lastKnownFileType = wrapper.framework; name = OpenAL.framework; path = System/Library/Frameworks/OpenAL.framework; sourceTree = SDKROOT; };
/* End PBXFileReference section */

/* Begin PBXFrameworksBuildPhase section */
		72893553175DA8D900EED04E /* Frameworks */ = {
			isa = PBXFrameworksBuildPhase;
			buildActionMask = 2147483647;
			files = (
				72F5537B1768AA4A00615B61 /* CoreBluetooth.framework in Frameworks */,
				F4CE3DEC1764B80E00F314D8 /* OpenAL.framework in Frameworks */,
				F4CE3D8817630E0C00F314D8 /* Accelerate.framework in Frameworks */,
				7232FB0B1763405A0097CA34 /* libz.1.2.5.dylib in Frameworks */,
				7232FB091763403A0097CA34 /* MobileCoreServices.framework in Frameworks */,
				7232FB07176340310097CA34 /* SystemConfiguration.framework in Frameworks */,
				7232FB05176340020097CA34 /* CFNetwork.framework in Frameworks */,
				725CB5AD1760A5DF0020FC78 /* CoreData.framework in Frameworks */,
				F49E6D20175F78A800E2EDCB /* AVFoundation.framework in Frameworks */,
				F49E6D1E175F787E00E2EDCB /* QuartzCore.framework in Frameworks */,
				F49E6D16175F3D5A00E2EDCB /* AudioToolbox.framework in Frameworks */,
				7289355A175DA8D900EED04E /* UIKit.framework in Frameworks */,
				7289355C175DA8D900EED04E /* Foundation.framework in Frameworks */,
				7289355E175DA8D900EED04E /* CoreGraphics.framework in Frameworks */,
			);
			runOnlyForDeploymentPostprocessing = 0;
		};
/* End PBXFrameworksBuildPhase section */

/* Begin PBXGroup section */
		3F6C48A4177C40F500D846B9 /* Icon */ = {
			isa = PBXGroup;
			children = (
				72E53E3517CC6334002D2708 /* band-button.png */,
				72E53E3617CC6334002D2708 /* common-button.png */,
				727C7F4617E1893200D8FF02 /* main-bg.png */,
				72E53E3717CC6334002D2708 /* root-bg.png */,
				72E53E3817CC6334002D2708 /* Default-568h@2x.png */,
				72E53E3917CC6334002D2708 /* Default.png */,
				727C7F4A17E18FAC00D8FF02 /* news-bg.png */,
				72E53E3A17CC6334002D2708 /* Default@2x.png */,
				72E53E3B17CC6334002D2708 /* Icon-full_04.png */,
				72E53E3C17CC6334002D2708 /* Icon.png */,
				72E53E3D17CC6334002D2708 /* Icon@2x.png */,
				72E53E3E17CC6334002D2708 /* 22.png */,
				72E53E3F17CC6334002D2708 /* 29.png */,
				72E53E4017CC6334002D2708 /* 29@2x.png */,
				72E53E4117CC6334002D2708 /* 30.png */,
				727C7F4817E18FA400D8FF02 /* ask-bg.png */,
				72E53E4217CC6334002D2708 /* 40.png */,
				72E53E4317CC6334002D2708 /* 44.png */,
				72E53E4417CC6334002D2708 /* 50.png */,
				72E53E4517CC6334002D2708 /* 57.png */,
				72E53E4617CC6334002D2708 /* 57@2x.png */,
				72E53E4717CC6334002D2708 /* 60.png */,
				72E53E4817CC6334002D2708 /* 72.png */,
				72E53E4917CC6334002D2708 /* 80.png */,
				72E53E4A17CC6334002D2708 /* 100.png */,
				72E53E4B17CC6334002D2708 /* 120.png */,
				72E53E4C17CC6334002D2708 /* 144.png */,
				72E53E4D17CC6334002D2708 /* 480.png */,
				72E53E4E17CC6334002D2708 /* 512.png */,
				72E53E4F17CC6334002D2708 /* 960.png */,
				72E53E5017CC6334002D2708 /* 1024.png */,
				72E53E5117CC6334002D2708 /* 1136.png */,
			);
			name = Icon;
			sourceTree = "<group>";
		};
		7232FAA1176339070097CA34 /* asi-http-request */ = {
			isa = PBXGroup;
			children = (
				7232FB0117633FE30097CA34 /* Reachability.h */,
				7232FB0217633FE40097CA34 /* Reachability.m */,
				7232FAE517633ED90097CA34 /* ASIAuthenticationDialog.h */,
				7232FAE617633ED90097CA34 /* ASIAuthenticationDialog.m */,
				7232FAE717633ED90097CA34 /* ASICacheDelegate.h */,
				7232FAE817633ED90097CA34 /* ASIDataCompressor.h */,
				7232FAE917633ED90097CA34 /* ASIDataCompressor.m */,
				7232FAEA17633ED90097CA34 /* ASIDataDecompressor.h */,
				7232FAEB17633ED90097CA34 /* ASIDataDecompressor.m */,
				7232FAEC17633ED90097CA34 /* ASIDownloadCache.h */,
				7232FAED17633ED90097CA34 /* ASIDownloadCache.m */,
				7232FAEE17633ED90097CA34 /* ASIFormDataRequest.h */,
				7232FAEF17633ED90097CA34 /* ASIFormDataRequest.m */,
				7232FAF017633ED90097CA34 /* ASIHTTPRequest.h */,
				7232FAF117633ED90097CA34 /* ASIHTTPRequest.m */,
				7232FAF217633ED90097CA34 /* ASIHTTPRequestConfig.h */,
				7232FAF317633ED90097CA34 /* ASIHTTPRequestDelegate.h */,
				7232FAF417633ED90097CA34 /* ASIInputStream.h */,
				7232FAF517633ED90097CA34 /* ASIInputStream.m */,
				7232FAF617633ED90097CA34 /* ASINetworkQueue.h */,
				7232FAF717633ED90097CA34 /* ASINetworkQueue.m */,
				7232FAF817633ED90097CA34 /* ASIProgressDelegate.h */,
			);
			name = "asi-http-request";
			sourceTree = "<group>";
		};
		7289354D175DA8D900EED04E = {
			isa = PBXGroup;
			children = (
				72893558175DA8D900EED04E /* Frameworks */,
				F4CE3E531764C8F000F314D8 /* Library */,
				72F044E8178581860056AA63 /* Model */,
				72893557175DA8D900EED04E /* Products */,
				7289355F175DA8D900EED04E /* Health */,
			);
			sourceTree = "<group>";
		};
		72893557175DA8D900EED04E /* Products */ = {
			isa = PBXGroup;
			children = (
				72893556175DA8D900EED04E /* Health.app */,
			);
			name = Products;
			sourceTree = "<group>";
		};
		72893558175DA8D900EED04E /* Frameworks */ = {
			isa = PBXGroup;
			children = (
				72F5537A1768AA4A00615B61 /* CoreBluetooth.framework */,
				F4CE3DEB1764B80D00F314D8 /* OpenAL.framework */,
				F4CE3D8717630E0C00F314D8 /* Accelerate.framework */,
				7232FB0A1763405A0097CA34 /* libz.1.2.5.dylib */,
				7232FB081763403A0097CA34 /* MobileCoreServices.framework */,
				7232FB06176340300097CA34 /* SystemConfiguration.framework */,
				7232FB04176340020097CA34 /* CFNetwork.framework */,
				725CB5AC1760A5DF0020FC78 /* CoreData.framework */,
				F49E6D1F175F78A800E2EDCB /* AVFoundation.framework */,
				F49E6D1D175F787E00E2EDCB /* QuartzCore.framework */,
				F49E6D15175F3D5A00E2EDCB /* AudioToolbox.framework */,
				72893559175DA8D900EED04E /* UIKit.framework */,
				7289355B175DA8D900EED04E /* Foundation.framework */,
				7289355D175DA8D900EED04E /* CoreGraphics.framework */,
			);
			name = Frameworks;
			sourceTree = "<group>";
		};
		7289355F175DA8D900EED04E /* Health */ = {
			isa = PBXGroup;
			children = (
				72EE455B17CC61FA00751F8A /* BTAppDelegate.h */,
				72EE455C17CC61FA00751F8A /* BTAppDelegate.m */,
				72F553731768A25500615B61 /* BTLE */,
				F4BAED1017F16C9500C9A8EC /* SportsMoniter */,
				F4E629BF17CC86A6002E6980 /* FHMoniter */,
				F4E629BE17CC8685002E6980 /* FMMoniter */,
				72893580175DA9E900EED04E /* Globals */,
				72893560175DA8D900EED04E /* Supporting Files */,
				72893584175DAA9B00EED04E /* Views */,
			);
			name = Health;
			path = SmartBat;
			sourceTree = "<group>";
		};
		72893560175DA8D900EED04E /* Supporting Files */ = {
			isa = PBXGroup;
			children = (
				72E53E2F17CC6302002D2708 /* Health-Info.plist */,
				72E53E3017CC6302002D2708 /* Health-Prefix.pch */,
				72910FD917CC7182000F7155 /* InfoPlist.strings */,
				72910FDB17CC7182000F7155 /* Localizable.strings */,
				72E53E3417CC6317002D2708 /* iTunesArtwork */,
				72E53E3217CC630E002D2708 /* main.m */,
				3F6C48A4177C40F500D846B9 /* Icon */,
			);
			name = "Supporting Files";
			sourceTree = "<group>";
		};
		7289357F175DA97700EED04E /* Base Class */ = {
			isa = PBXGroup;
			children = (
				72910FD317CC7130000F7155 /* BTSettingsViewController.h */,
				72910FD417CC7130000F7155 /* BTSettingsViewController.m */,
				72910FD617CC714C000F7155 /* BTBaseViewController.h */,
				72910FD717CC714C000F7155 /* BTBaseViewController.m */,
				72910FC417CC70BA000F7155 /* BTSwipeViewController.h */,
				72910FC517CC70BA000F7155 /* BTSwipeViewController.m */,
			);
			name = "Base Class";
			sourceTree = "<group>";
		};
		72893580175DA9E900EED04E /* Globals */ = {
			isa = PBXGroup;
			children = (
				72EE456417CC628700751F8A /* BTGlobals.h */,
				72EE456517CC628700751F8A /* BTGlobals.m */,
				72EE456717CC629000751F8A /* BTConstants.h */,
				72EE456817CC629000751F8A /* BTConstants.m */,
				729BA225180BDC5600C56C89 /* BTUtils.h */,
				729BA226180BDC5600C56C89 /* BTUtils.m */,
			);
			name = Globals;
			sourceTree = "<group>";
		};
		72893584175DAA9B00EED04E /* Views */ = {
			isa = PBXGroup;
			children = (
				7289357F175DA97700EED04E /* Base Class */,
				72910FCD17CC7126000F7155 /* BTAppStore.h */,
				72910FCE17CC7126000F7155 /* BTAppStore.m */,
				72910FBB17CC707D000F7155 /* BTAskViewController.h */,
				72910FBC17CC707D000F7155 /* BTAskViewController.m */,
				72910FC717CC70F1000F7155 /* BTBandViewController.h */,
				72910FC817CC70F1000F7155 /* BTBandViewController.m */,
				72910FBE17CC70A9000F7155 /* BTCommonViewController.h */,
				72910FBF17CC70A9000F7155 /* BTCommonViewController.m */,
				72910FB817CC7073000F7155 /* BTMainViewController.h */,
				72910FB917CC7073000F7155 /* BTMainViewController.m */,
				72910FC917CC70F1000F7155 /* BTNewsViewController.h */,
				72910FCA17CC70F1000F7155 /* BTNewsViewController.m */,
				72910FC117CC70B2000F7155 /* BTRootViewController.h */,
				72910FC217CC70B2000F7155 /* BTRootViewController.m */,
				72910FCF17CC7126000F7155 /* BTSetupViewController.h */,
				72910FD017CC7126000F7155 /* BTSetupViewController.m */,
				F450FF4F17E84BB6005AB96C /* MainStoryboard.storyboard */,
			);
			name = Views;
			sourceTree = "<group>";
		};
		72F044E8178581860056AA63 /* Model */ = {
			isa = PBXGroup;
			children = (
				72F044E11785815F0056AA63 /* BTBleList.h */,
				72F044E21785815F0056AA63 /* BTBleList.m */,
				72EE455817CC4C8600751F8A /* BTEntity.h */,
				72EE455917CC4C8600751F8A /* BTEntity.m */,
				72910FE317CC72C4000F7155 /* Model.xcdatamodeld */,
				7286D14B18151A2800C6D60B /* BTRawData.h */,
				7286D14C18151A2800C6D60B /* BTRawData.m */,
			);
			name = Model;
			sourceTree = "<group>";
		};
		72F553731768A25500615B61 /* BTLE */ = {
			isa = PBXGroup;
			children = (
				72EE455E17CC626F00751F8A /* BTBandCentral.h */,
				72EE455F17CC626F00751F8A /* BTBandCentral.m */,
				72EE456017CC626F00751F8A /* BTBandPeripheral.h */,
				72EE456117CC626F00751F8A /* BTBandPeripheral.m */,
			);
			name = BTLE;
			sourceTree = "<group>";
		};
		F4BAED1017F16C9500C9A8EC /* SportsMoniter */ = {
			isa = PBXGroup;
			children = (
			);
			name = SportsMoniter;
			sourceTree = "<group>";
		};
		F4CE3E531764C8F000F314D8 /* Library */ = {
			isa = PBXGroup;
			children = (
				7232FAA1176339070097CA34 /* asi-http-request */,
				7277F30717CDED96001EB9E3 /* fishhook.c */,
				7277F30817CDED96001EB9E3 /* fishhook.h */,
				7277F30A17CDEDCF001EB9E3 /* QuietAssertMacros.c */,
			);
			name = Library;
			sourceTree = "<group>";
		};
		F4E629BE17CC8685002E6980 /* FMMoniter */ = {
			isa = PBXGroup;
			children = (
				F48E959F17E84D7600EBCDB0 /* BTHistogram.h */,
				F48E95A017E84D7600EBCDB0 /* BTHistogram.m */,
			);
			name = FMMoniter;
			sourceTree = "<group>";
		};
		F4E629BF17CC86A6002E6980 /* FHMoniter */ = {
			isa = PBXGroup;
			children = (
			);
			name = FHMoniter;
			sourceTree = "<group>";
		};
/* End PBXGroup section */

/* Begin PBXNativeTarget section */
		72893555175DA8D900EED04E /* Health */ = {
			isa = PBXNativeTarget;
			buildConfigurationList = 72893579175DA8D900EED04E /* Build configuration list for PBXNativeTarget "Health" */;
			buildPhases = (
				72893552175DA8D900EED04E /* Sources */,
				72893553175DA8D900EED04E /* Frameworks */,
				72893554175DA8D900EED04E /* Resources */,
			);
			buildRules = (
			);
			dependencies = (
			);
			name = Health;
			productName = SmartBat;
			productReference = 72893556175DA8D900EED04E /* Health.app */;
			productType = "com.apple.product-type.application";
		};
/* End PBXNativeTarget section */

/* Begin PBXProject section */
		7289354E175DA8D900EED04E /* Project object */ = {
			isa = PBXProject;
			attributes = {
				CLASSPREFIX = BT;
				LastUpgradeCheck = 0500;
				ORGANIZATIONNAME = "kaka'";
				TargetAttributes = {
					72893555175DA8D900EED04E = {
						DevelopmentTeam = VRRQ8TGN77;
					};
				};
			};
			buildConfigurationList = 72893551175DA8D900EED04E /* Build configuration list for PBXProject "Health" */;
			compatibilityVersion = "Xcode 3.2";
			developmentRegion = English;
			hasScannedForEncodings = 0;
			knownRegions = (
				en,
				cn,
				zh,
				"zh-Hans",
				Base,
				"zh-Hant",
			);
			mainGroup = 7289354D175DA8D900EED04E;
			productRefGroup = 72893557175DA8D900EED04E /* Products */;
			projectDirPath = "";
			projectRoot = "";
			targets = (
				72893555175DA8D900EED04E /* Health */,
			);
		};
/* End PBXProject section */

/* Begin PBXResourcesBuildPhase section */
		72893554175DA8D900EED04E /* Resources */ = {
			isa = PBXResourcesBuildPhase;
			buildActionMask = 2147483647;
			files = (
				72E53E6C17CC6334002D2708 /* 960.png in Resources */,
				72910FDD17CC7182000F7155 /* InfoPlist.strings in Resources */,
				72E53E5B17CC6334002D2708 /* 22.png in Resources */,
				72E53E6317CC6334002D2708 /* 57@2x.png in Resources */,
				72E53E5817CC6334002D2708 /* Icon-full_04.png in Resources */,
				72E53E5617CC6334002D2708 /* Default.png in Resources */,
				72E53E5417CC6334002D2708 /* root-bg.png in Resources */,
				72E53E6917CC6334002D2708 /* 144.png in Resources */,
				72E53E6817CC6334002D2708 /* 120.png in Resources */,
				72E53E6217CC6334002D2708 /* 57.png in Resources */,
				72E53E5917CC6334002D2708 /* Icon.png in Resources */,
				72E53E5317CC6334002D2708 /* common-button.png in Resources */,
				72E53E6017CC6334002D2708 /* 44.png in Resources */,
				72910FDE17CC7182000F7155 /* Localizable.strings in Resources */,
				72E53E5D17CC6334002D2708 /* 29@2x.png in Resources */,
				727C7F4917E18FA400D8FF02 /* ask-bg.png in Resources */,
				72E53E5217CC6334002D2708 /* band-button.png in Resources */,
				72E53E5717CC6334002D2708 /* Default@2x.png in Resources */,
				72E53E6517CC6334002D2708 /* 72.png in Resources */,
				72E53E6717CC6334002D2708 /* 100.png in Resources */,
				72E53E6617CC6334002D2708 /* 80.png in Resources */,
				72E53E6117CC6334002D2708 /* 50.png in Resources */,
				72E53E6E17CC6334002D2708 /* 1136.png in Resources */,
				72E53E6417CC6334002D2708 /* 60.png in Resources */,
				72E53E6D17CC6334002D2708 /* 1024.png in Resources */,
				72E53E6B17CC6334002D2708 /* 512.png in Resources */,
				72E53E6A17CC6334002D2708 /* 480.png in Resources */,
				72E53E5C17CC6334002D2708 /* 29.png in Resources */,
				72E53E5A17CC6334002D2708 /* Icon@2x.png in Resources */,
				727C7F4B17E18FAC00D8FF02 /* news-bg.png in Resources */,
				727C7F4717E1893200D8FF02 /* main-bg.png in Resources */,
				72E53E5F17CC6334002D2708 /* 40.png in Resources */,
				F450FF5117E84BB6005AB96C /* MainStoryboard.storyboard in Resources */,
				72E53E5517CC6334002D2708 /* Default-568h@2x.png in Resources */,
				72E53E5E17CC6334002D2708 /* 30.png in Resources */,
				72E53E3117CC6302002D2708 /* Health-Info.plist in Resources */,
			);
			runOnlyForDeploymentPostprocessing = 0;
		};
/* End PBXResourcesBuildPhase section */

/* Begin PBXSourcesBuildPhase section */
		72893552175DA8D900EED04E /* Sources */ = {
			isa = PBXSourcesBuildPhase;
			buildActionMask = 2147483647;
			files = (
				72EE456317CC626F00751F8A /* BTBandPeripheral.m in Sources */,
				72910FD117CC7126000F7155 /* BTAppStore.m in Sources */,
				7277F30B17CDEDCF001EB9E3 /* QuietAssertMacros.c in Sources */,
				72EE456217CC626F00751F8A /* BTBandCentral.m in Sources */,
				72EE456617CC628700751F8A /* BTGlobals.m in Sources */,
				72E53E3317CC630E002D2708 /* main.m in Sources */,
				72F044E41785815F0056AA63 /* BTBleList.m in Sources */,
				72910FC617CC70BA000F7155 /* BTSwipeViewController.m in Sources */,
				72EE455A17CC4C8600751F8A /* BTEntity.m in Sources */,
				72910FCB17CC70F1000F7155 /* BTBandViewController.m in Sources */,
				72910FD517CC7130000F7155 /* BTSettingsViewController.m in Sources */,
				72910FBD17CC707D000F7155 /* BTAskViewController.m in Sources */,
				7232FAF917633ED90097CA34 /* ASIAuthenticationDialog.m in Sources */,
				72EE455D17CC61FA00751F8A /* BTAppDelegate.m in Sources */,
				7232FAFA17633ED90097CA34 /* ASIDataCompressor.m in Sources */,
				7232FAFB17633ED90097CA34 /* ASIDataDecompressor.m in Sources */,
				7277F30917CDED96001EB9E3 /* fishhook.c in Sources */,
				72910FD217CC7126000F7155 /* BTSetupViewController.m in Sources */,
				72910FE517CC72C4000F7155 /* Model.xcdatamodeld in Sources */,
				7232FAFC17633ED90097CA34 /* ASIDownloadCache.m in Sources */,
				7232FAFD17633ED90097CA34 /* ASIFormDataRequest.m in Sources */,
				72EE456917CC629000751F8A /* BTConstants.m in Sources */,
				729BA227180BDC5600C56C89 /* BTUtils.m in Sources */,
				72910FD817CC714C000F7155 /* BTBaseViewController.m in Sources */,
				7232FAFE17633ED90097CA34 /* ASIHTTPRequest.m in Sources */,
				72910FCC17CC70F1000F7155 /* BTNewsViewController.m in Sources */,
				7232FAFF17633ED90097CA34 /* ASIInputStream.m in Sources */,
				72910FBA17CC7073000F7155 /* BTMainViewController.m in Sources */,
				72910FC017CC70A9000F7155 /* BTCommonViewController.m in Sources */,
				7232FB0017633ED90097CA34 /* ASINetworkQueue.m in Sources */,
				7232FB0317633FE40097CA34 /* Reachability.m in Sources */,
				72910FC317CC70B2000F7155 /* BTRootViewController.m in Sources */,
				7286D14D18151A2800C6D60B /* BTRawData.m in Sources */,
				F48E95A117E84D7600EBCDB0 /* BTHistogram.m in Sources */,
			);
			runOnlyForDeploymentPostprocessing = 0;
		};
/* End PBXSourcesBuildPhase section */

/* Begin PBXVariantGroup section */
		72910FD917CC7182000F7155 /* InfoPlist.strings */ = {
			isa = PBXVariantGroup;
			children = (
				72910FDA17CC7182000F7155 /* en */,
				72910FDF17CC719C000F7155 /* zh-Hans */,
				72910FE117CC71A4000F7155 /* zh-Hant */,
			);
			name = InfoPlist.strings;
			sourceTree = "<group>";
		};
		72910FDB17CC7182000F7155 /* Localizable.strings */ = {
			isa = PBXVariantGroup;
			children = (
				72910FDC17CC7182000F7155 /* en */,
				72910FE017CC719C000F7155 /* zh-Hans */,
				72910FE217CC71A4000F7155 /* zh-Hant */,
			);
			name = Localizable.strings;
			sourceTree = "<group>";
		};
		F450FF4F17E84BB6005AB96C /* MainStoryboard.storyboard */ = {
			isa = PBXVariantGroup;
			children = (
				F450FF5017E84BB6005AB96C /* en */,
			);
			name = MainStoryboard.storyboard;
			sourceTree = "<group>";
		};
/* End PBXVariantGroup section */

/* Begin XCBuildConfiguration section */
		72893577175DA8D900EED04E /* Debug */ = {
			isa = XCBuildConfiguration;
			buildSettings = {
				ALWAYS_SEARCH_USER_PATHS = NO;
				CLANG_CXX_LANGUAGE_STANDARD = "gnu++0x";
				CLANG_CXX_LIBRARY = "libc++";
				CLANG_ENABLE_OBJC_ARC = YES;
				CLANG_WARN_BOOL_CONVERSION = YES;
				CLANG_WARN_CONSTANT_CONVERSION = YES;
				CLANG_WARN_EMPTY_BODY = YES;
				CLANG_WARN_ENUM_CONVERSION = YES;
				CLANG_WARN_INT_CONVERSION = YES;
				CLANG_WARN__DUPLICATE_METHOD_MATCH = YES;
				"CODE_SIGN_IDENTITY[sdk=iphoneos*]" = "iPhone Developer";
				COPY_PHASE_STRIP = NO;
				GCC_C_LANGUAGE_STANDARD = gnu99;
				GCC_DYNAMIC_NO_PIC = NO;
				GCC_OPTIMIZATION_LEVEL = 0;
				GCC_PREPROCESSOR_DEFINITIONS = (
					"DEBUG=1",
					"$(inherited)",
				);
				GCC_SYMBOLS_PRIVATE_EXTERN = NO;
				GCC_VERSION = com.apple.compilers.llvm.clang.1_0;
				GCC_WARN_ABOUT_RETURN_TYPE = YES;
				GCC_WARN_UNDECLARED_SELECTOR = YES;
				GCC_WARN_UNINITIALIZED_AUTOS = YES;
				GCC_WARN_UNUSED_FUNCTION = YES;
				GCC_WARN_UNUSED_VARIABLE = YES;
				HEADER_SEARCH_PATHS = TheAmazingAudioEngine/TheAmazingAudioEngine;
				IPHONEOS_DEPLOYMENT_TARGET = 6.0;
				ONLY_ACTIVE_ARCH = YES;
				SDKROOT = iphoneos;
			};
			name = Debug;
		};
		72893578175DA8D900EED04E /* Release */ = {
			isa = XCBuildConfiguration;
			buildSettings = {
				ALWAYS_SEARCH_USER_PATHS = NO;
				CLANG_CXX_LANGUAGE_STANDARD = "gnu++0x";
				CLANG_CXX_LIBRARY = "libc++";
				CLANG_ENABLE_OBJC_ARC = YES;
				CLANG_WARN_BOOL_CONVERSION = YES;
				CLANG_WARN_CONSTANT_CONVERSION = YES;
				CLANG_WARN_EMPTY_BODY = YES;
				CLANG_WARN_ENUM_CONVERSION = YES;
				CLANG_WARN_INT_CONVERSION = YES;
				CLANG_WARN__DUPLICATE_METHOD_MATCH = YES;
				"CODE_SIGN_IDENTITY[sdk=iphoneos*]" = "iPhone Developer";
				COPY_PHASE_STRIP = YES;
				GCC_C_LANGUAGE_STANDARD = gnu99;
				GCC_VERSION = com.apple.compilers.llvm.clang.1_0;
				GCC_WARN_ABOUT_RETURN_TYPE = YES;
				GCC_WARN_UNDECLARED_SELECTOR = YES;
				GCC_WARN_UNINITIALIZED_AUTOS = YES;
				GCC_WARN_UNUSED_FUNCTION = YES;
				GCC_WARN_UNUSED_VARIABLE = YES;
				HEADER_SEARCH_PATHS = TheAmazingAudioEngine/TheAmazingAudioEngine;
				IPHONEOS_DEPLOYMENT_TARGET = 6.0;
				OTHER_CFLAGS = "-DNS_BLOCK_ASSERTIONS=1";
				SDKROOT = iphoneos;
				VALIDATE_PRODUCT = YES;
			};
			name = Release;
		};
		7289357A175DA8D900EED04E /* Debug */ = {
			isa = XCBuildConfiguration;
			buildSettings = {
				CODE_SIGN_IDENTITY = "iPhone Developer";
				"CODE_SIGN_IDENTITY[sdk=iphoneos*]" = "iPhone Developer";
				FRAMEWORK_SEARCH_PATHS = (
					"$(inherited)",
					"\"$(SRCROOT)/../../json-framework\"",
				);
				GCC_PRECOMPILE_PREFIX_HEADER = YES;
				GCC_PREFIX_HEADER = "Health-Prefix.pch";
				HEADER_SEARCH_PATHS = TheAmazingAudioEngine/TheAmazingAudioEngine;
				INFOPLIST_FILE = "Health-Info.plist";
				IPHONEOS_DEPLOYMENT_TARGET = 6.0;
				PRODUCT_NAME = "$(TARGET_NAME)";
				PROVISIONING_PROFILE = "";
				TARGETED_DEVICE_FAMILY = 1;
				WRAPPER_EXTENSION = app;
			};
			name = Debug;
		};
		7289357B175DA8D900EED04E /* Release */ = {
			isa = XCBuildConfiguration;
			buildSettings = {
				CODE_SIGN_IDENTITY = "iPhone Developer";
				"CODE_SIGN_IDENTITY[sdk=iphoneos*]" = "iPhone Developer";
				FRAMEWORK_SEARCH_PATHS = (
					"$(inherited)",
					"\"$(SRCROOT)/../../json-framework\"",
				);
				GCC_PRECOMPILE_PREFIX_HEADER = YES;
				GCC_PREFIX_HEADER = "Health-Prefix.pch";
				HEADER_SEARCH_PATHS = TheAmazingAudioEngine/TheAmazingAudioEngine;
				INFOPLIST_FILE = "Health-Info.plist";
				IPHONEOS_DEPLOYMENT_TARGET = 6.0;
				PRODUCT_NAME = "$(TARGET_NAME)";
				PROVISIONING_PROFILE = "";
				TARGETED_DEVICE_FAMILY = 1;
				WRAPPER_EXTENSION = app;
			};
			name = Release;
		};
/* End XCBuildConfiguration section */

/* Begin XCConfigurationList section */
		72893551175DA8D900EED04E /* Build configuration list for PBXProject "Health" */ = {
			isa = XCConfigurationList;
			buildConfigurations = (
				72893577175DA8D900EED04E /* Debug */,
				72893578175DA8D900EED04E /* Release */,
			);
			defaultConfigurationIsVisible = 0;
			defaultConfigurationName = Release;
		};
		72893579175DA8D900EED04E /* Build configuration list for PBXNativeTarget "Health" */ = {
			isa = XCConfigurationList;
			buildConfigurations = (
				7289357A175DA8D900EED04E /* Debug */,
				7289357B175DA8D900EED04E /* Release */,
			);
			defaultConfigurationIsVisible = 0;
			defaultConfigurationName = Release;
		};
/* End XCConfigurationList section */

/* Begin XCVersionGroup section */
		72910FE317CC72C4000F7155 /* Model.xcdatamodeld */ = {
			isa = XCVersionGroup;
			children = (
				72910FE417CC72C4000F7155 /* Model.xcdatamodel */,
			);
			currentVersion = 72910FE417CC72C4000F7155 /* Model.xcdatamodel */;
			path = Model.xcdatamodeld;
			sourceTree = "<group>";
			versionGroupType = wrapper.xcdatamodel;
		};
/* End XCVersionGroup section */
	};
	rootObject = 7289354E175DA8D900EED04E /* Project object */;
}
